// !$*UTF8*$!
{
	archiveVersion = 1;
	classes = {
	};
	objectVersion = 46;
	objects = {

/* Begin PBXBuildFile section */
		11D18E423D5F8676724AC564 /* libPods.a in Frameworks */ = {isa = PBXBuildFile; fileRef = FB949D5EE4022DBBF8C2E216 /* libPods.a */; };
		8A06E66F1B187FC300925F63 /* saints_12.sqlite in Resources */ = {isa = PBXBuildFile; fileRef = 8A06E66D1B187FC300925F63 /* saints_12.sqlite */; };
		8A06E6701B187FC300925F63 /* saints_12.txt in Resources */ = {isa = PBXBuildFile; fileRef = 8A06E66E1B187FC300925F63 /* saints_12.txt */; };
		8A0EDB121B1E8E29008E48CB /* saints_02.sqlite in Resources */ = {isa = PBXBuildFile; fileRef = 8A0EDB101B1E8E29008E48CB /* saints_02.sqlite */; };
		8A0EDB131B1E8E29008E48CB /* saints_02.txt in Resources */ = {isa = PBXBuildFile; fileRef = 8A0EDB111B1E8E29008E48CB /* saints_02.txt */; };
		8A181E0E1B1D3C9A00D8C2FB /* saints_01.sqlite in Resources */ = {isa = PBXBuildFile; fileRef = 8A181E0C1B1D3C9A00D8C2FB /* saints_01.sqlite */; };
		8A181E0F1B1D3C9A00D8C2FB /* saints_01.txt in Resources */ = {isa = PBXBuildFile; fileRef = 8A181E0D1B1D3C9A00D8C2FB /* saints_01.txt */; };
		8A2F469E19E110CF00076AF4 /* prayer_group_0_cn.html in Resources */ = {isa = PBXBuildFile; fileRef = 8A2F469A19E110CF00076AF4 /* prayer_group_0_cn.html */; };
		8A2F469F19E110CF00076AF4 /* prayer_group_0_en.html in Resources */ = {isa = PBXBuildFile; fileRef = 8A2F469B19E110CF00076AF4 /* prayer_group_0_en.html */; };
		8A2F46A019E110CF00076AF4 /* prayer_group_1_cn.html in Resources */ = {isa = PBXBuildFile; fileRef = 8A2F469C19E110CF00076AF4 /* prayer_group_1_cn.html */; };
		8A2F46A119E110CF00076AF4 /* prayer_group_1_en.html in Resources */ = {isa = PBXBuildFile; fileRef = 8A2F469D19E110CF00076AF4 /* prayer_group_1_en.html */; };
		8A2F46A519E11CEA00076AF4 /* Prayer.swift in Sources */ = {isa = PBXBuildFile; fileRef = 8A2F46A419E11CEA00076AF4 /* Prayer.swift */; };
		8A2F46A719E12B4100076AF4 /* AppDelegate.swift in Sources */ = {isa = PBXBuildFile; fileRef = 8A2F46A619E12B4100076AF4 /* AppDelegate.swift */; };
		8A2F46A919E1302700076AF4 /* Translate.swift in Sources */ = {isa = PBXBuildFile; fileRef = 8A2F46A819E1302700076AF4 /* Translate.swift */; };
		8A2F46AB19E145D200076AF4 /* Options.swift in Sources */ = {isa = PBXBuildFile; fileRef = 8A2F46AA19E145D200076AF4 /* Options.swift */; };
		8A3A210F1A46C0150052861D /* 1cor.sqlite in Resources */ = {isa = PBXBuildFile; fileRef = 8A3A20FB1A46C0150052861D /* 1cor.sqlite */; };
		8A3A21101A46C0150052861D /* 1john.sqlite in Resources */ = {isa = PBXBuildFile; fileRef = 8A3A20FC1A46C0150052861D /* 1john.sqlite */; };
		8A3A21111A46C0150052861D /* 1pet.sqlite in Resources */ = {isa = PBXBuildFile; fileRef = 8A3A20FD1A46C0150052861D /* 1pet.sqlite */; };
		8A3A21121A46C0150052861D /* 1thess.sqlite in Resources */ = {isa = PBXBuildFile; fileRef = 8A3A20FE1A46C0150052861D /* 1thess.sqlite */; };
		8A3A21131A46C0150052861D /* 1tim.sqlite in Resources */ = {isa = PBXBuildFile; fileRef = 8A3A20FF1A46C0150052861D /* 1tim.sqlite */; };
		8A3A21141A46C0150052861D /* 2cor.sqlite in Resources */ = {isa = PBXBuildFile; fileRef = 8A3A21001A46C0150052861D /* 2cor.sqlite */; };
		8A3A21151A46C0150052861D /* 2john.sqlite in Resources */ = {isa = PBXBuildFile; fileRef = 8A3A21011A46C0150052861D /* 2john.sqlite */; };
		8A3A21161A46C0150052861D /* 2pet.sqlite in Resources */ = {isa = PBXBuildFile; fileRef = 8A3A21021A46C0150052861D /* 2pet.sqlite */; };
		8A3A21171A46C0150052861D /* 2thess.sqlite in Resources */ = {isa = PBXBuildFile; fileRef = 8A3A21031A46C0150052861D /* 2thess.sqlite */; };
		8A3A21181A46C0150052861D /* 2tim.sqlite in Resources */ = {isa = PBXBuildFile; fileRef = 8A3A21041A46C0150052861D /* 2tim.sqlite */; };
		8A3A21191A46C0150052861D /* 3john.sqlite in Resources */ = {isa = PBXBuildFile; fileRef = 8A3A21051A46C0150052861D /* 3john.sqlite */; };
		8A3A211A1A46C0150052861D /* col.sqlite in Resources */ = {isa = PBXBuildFile; fileRef = 8A3A21061A46C0150052861D /* col.sqlite */; };
		8A3A211B1A46C0150052861D /* ephes.sqlite in Resources */ = {isa = PBXBuildFile; fileRef = 8A3A21071A46C0150052861D /* ephes.sqlite */; };
		8A3A211C1A46C0150052861D /* gal.sqlite in Resources */ = {isa = PBXBuildFile; fileRef = 8A3A21081A46C0150052861D /* gal.sqlite */; };
		8A3A211D1A46C0150052861D /* heb.sqlite in Resources */ = {isa = PBXBuildFile; fileRef = 8A3A21091A46C0150052861D /* heb.sqlite */; };
		8A3A211E1A46C0150052861D /* james.sqlite in Resources */ = {isa = PBXBuildFile; fileRef = 8A3A210A1A46C0150052861D /* james.sqlite */; };
		8A3A211F1A46C0150052861D /* jude.sqlite in Resources */ = {isa = PBXBuildFile; fileRef = 8A3A210B1A46C0150052861D /* jude.sqlite */; };
		8A3A21201A46C0150052861D /* phil.sqlite in Resources */ = {isa = PBXBuildFile; fileRef = 8A3A210C1A46C0150052861D /* phil.sqlite */; };
		8A3A21211A46C0150052861D /* rom.sqlite in Resources */ = {isa = PBXBuildFile; fileRef = 8A3A210D1A46C0150052861D /* rom.sqlite */; };
		8A3A21221A46C0150052861D /* tit.sqlite in Resources */ = {isa = PBXBuildFile; fileRef = 8A3A210E1A46C0150052861D /* tit.sqlite */; };
		8A3A21281A46C14D0052861D /* philem.sqlite in Resources */ = {isa = PBXBuildFile; fileRef = 8A3A21261A46C14D0052861D /* philem.sqlite */; };
		8A3A21291A46C14D0052861D /* rev.sqlite in Resources */ = {isa = PBXBuildFile; fileRef = 8A3A21271A46C14D0052861D /* rev.sqlite */; };
		8A3CD13519E51D0400A78A32 /* RDVCalendarDayCell.m in Sources */ = {isa = PBXBuildFile; fileRef = 8A3CD13219E51D0400A78A32 /* RDVCalendarDayCell.m */; };
		8A3CD13619E51D0400A78A32 /* RDVCalendarView.m in Sources */ = {isa = PBXBuildFile; fileRef = 8A3CD13419E51D0400A78A32 /* RDVCalendarView.m */; };
		8A3CD13819E5233100A78A32 /* CalendarViewController.swift in Sources */ = {isa = PBXBuildFile; fileRef = 8A3CD13719E5233100A78A32 /* CalendarViewController.swift */; };
		8A41936019E68D9900D570A9 /* food-no-cupcake.pdf in Resources */ = {isa = PBXBuildFile; fileRef = 8A41935F19E68D9900D570A9 /* food-no-cupcake.pdf */; };
		8A41936319E6921600D570A9 /* food-egg.pdf in Resources */ = {isa = PBXBuildFile; fileRef = 8A41936119E6921600D570A9 /* food-egg.pdf */; };
		8A41936419E6921600D570A9 /* food-milk.pdf in Resources */ = {isa = PBXBuildFile; fileRef = 8A41936219E6921600D570A9 /* food-milk.pdf */; };
		8A46EA391B01873B001F1E59 /* Bindable.swift in Sources */ = {isa = PBXBuildFile; fileRef = 8A46EA2E1B01873B001F1E59 /* Bindable.swift */; };
		8A46EA3A1B01873B001F1E59 /* Database.swift in Sources */ = {isa = PBXBuildFile; fileRef = 8A46EA2F1B01873B001F1E59 /* Database.swift */; };
		8A46EA3B1B01873B001F1E59 /* DatabasePool.swift in Sources */ = {isa = PBXBuildFile; fileRef = 8A46EA301B01873B001F1E59 /* DatabasePool.swift */; };
		8A46EA3C1B01873B001F1E59 /* DeleteHelpers.swift in Sources */ = {isa = PBXBuildFile; fileRef = 8A46EA311B01873B001F1E59 /* DeleteHelpers.swift */; };
		8A46EA3D1B01873B001F1E59 /* Errors.swift in Sources */ = {isa = PBXBuildFile; fileRef = 8A46EA321B01873B001F1E59 /* Errors.swift */; };
		8A46EA3E1B01873B001F1E59 /* InsertHelpers.swift in Sources */ = {isa = PBXBuildFile; fileRef = 8A46EA331B01873B001F1E59 /* InsertHelpers.swift */; };
		8A46EA3F1B01873B001F1E59 /* SchemaHelpers.swift in Sources */ = {isa = PBXBuildFile; fileRef = 8A46EA341B01873B001F1E59 /* SchemaHelpers.swift */; };
		8A46EA401B01873B001F1E59 /* SelectHelpers.swift in Sources */ = {isa = PBXBuildFile; fileRef = 8A46EA351B01873B001F1E59 /* SelectHelpers.swift */; };
		8A46EA411B01873B001F1E59 /* Statement.swift in Sources */ = {isa = PBXBuildFile; fileRef = 8A46EA361B01873B001F1E59 /* Statement.swift */; };
		8A46EA421B01873B001F1E59 /* TransactionHelpers.swift in Sources */ = {isa = PBXBuildFile; fileRef = 8A46EA371B01873B001F1E59 /* TransactionHelpers.swift */; };
		8A46EA431B01873B001F1E59 /* UpdateHelpers.swift in Sources */ = {isa = PBXBuildFile; fileRef = 8A46EA381B01873B001F1E59 /* UpdateHelpers.swift */; };
		8A59A7781AD2318C00F92017 /* TextDetailsCell.swift in Sources */ = {isa = PBXBuildFile; fileRef = 8A59A7771AD2318C00F92017 /* TextDetailsCell.swift */; };
		8A59A77D1AD23EEF00F92017 /* ConfigurableCell.swift in Sources */ = {isa = PBXBuildFile; fileRef = 8A59A77C1AD23EEF00F92017 /* ConfigurableCell.swift */; };
		8A59F34D1B14371800B15FA1 /* saints_07.sqlite in Resources */ = {isa = PBXBuildFile; fileRef = 8A59F34B1B14371800B15FA1 /* saints_07.sqlite */; };
		8A59F34E1B14371800B15FA1 /* saints_07.txt in Resources */ = {isa = PBXBuildFile; fileRef = 8A59F34C1B14371800B15FA1 /* saints_07.txt */; };
		8A74D7FB198F20CC0078F39F /* Foundation.framework in Frameworks */ = {isa = PBXBuildFile; fileRef = 8A74D7FA198F20CC0078F39F /* Foundation.framework */; };
		8A74D7FD198F20CC0078F39F /* CoreGraphics.framework in Frameworks */ = {isa = PBXBuildFile; fileRef = 8A74D7FC198F20CC0078F39F /* CoreGraphics.framework */; };
		8A74D7FF198F20CC0078F39F /* UIKit.framework in Frameworks */ = {isa = PBXBuildFile; fileRef = 8A74D7FE198F20CC0078F39F /* UIKit.framework */; };
		8A74D805198F20CC0078F39F /* InfoPlist.strings in Resources */ = {isa = PBXBuildFile; fileRef = 8A74D803198F20CC0078F39F /* InfoPlist.strings */; };
		8A74D807198F20CC0078F39F /* main.m in Sources */ = {isa = PBXBuildFile; fileRef = 8A74D806198F20CC0078F39F /* main.m */; };
		8A74D816198F20CC0078F39F /* Images.xcassets in Resources */ = {isa = PBXBuildFile; fileRef = 8A74D815198F20CC0078F39F /* Images.xcassets */; };
		8A74D833198F224E0078F39F /* Main.storyboard in Resources */ = {isa = PBXBuildFile; fileRef = 8A74D832198F224E0078F39F /* Main.storyboard */; };
		8A74D838198F2AF70078F39F /* index_en.plist in Resources */ = {isa = PBXBuildFile; fileRef = 8A74D837198F2AF70078F39F /* index_en.plist */; };
		8A74D83F198F5F350078F39F /* index_cn.plist in Resources */ = {isa = PBXBuildFile; fileRef = 8A74D83E198F5F350078F39F /* index_cn.plist */; };
		8A74D84C198F691A0078F39F /* CN.png in Resources */ = {isa = PBXBuildFile; fileRef = 8A74D848198F691A0078F39F /* CN.png */; };
		8A74D84D198F691A0078F39F /* CN@2x.png in Resources */ = {isa = PBXBuildFile; fileRef = 8A74D849198F691A0078F39F /* CN@2x.png */; };
		8A74D84E198F691A0078F39F /* US.png in Resources */ = {isa = PBXBuildFile; fileRef = 8A74D84A198F691A0078F39F /* US.png */; };
		8A74D84F198F691A0078F39F /* US@2x.png in Resources */ = {isa = PBXBuildFile; fileRef = 8A74D84B198F691A0078F39F /* US@2x.png */; };
		8A81857F19D2E3F300D4B328 /* prayer_communion_0_cn.html in Resources */ = {isa = PBXBuildFile; fileRef = 8A81856719D2E3F300D4B328 /* prayer_communion_0_cn.html */; };
		8A81858019D2E3F300D4B328 /* prayer_communion_0_en.html in Resources */ = {isa = PBXBuildFile; fileRef = 8A81856819D2E3F300D4B328 /* prayer_communion_0_en.html */; };
		8A81858119D2E3F300D4B328 /* prayer_communion_1_cn.html in Resources */ = {isa = PBXBuildFile; fileRef = 8A81856919D2E3F300D4B328 /* prayer_communion_1_cn.html */; };
		8A81858219D2E3F300D4B328 /* prayer_communion_1_en.html in Resources */ = {isa = PBXBuildFile; fileRef = 8A81856A19D2E3F300D4B328 /* prayer_communion_1_en.html */; };
		8A81858319D2E3F300D4B328 /* prayer_communion_2_cn.html in Resources */ = {isa = PBXBuildFile; fileRef = 8A81856B19D2E3F300D4B328 /* prayer_communion_2_cn.html */; };
		8A81858419D2E3F300D4B328 /* prayer_communion_2_en.html in Resources */ = {isa = PBXBuildFile; fileRef = 8A81856C19D2E3F300D4B328 /* prayer_communion_2_en.html */; };
		8A81858519D2E3F300D4B328 /* prayer_communion_3_cn.html in Resources */ = {isa = PBXBuildFile; fileRef = 8A81856D19D2E3F300D4B328 /* prayer_communion_3_cn.html */; };
		8A81858619D2E3F300D4B328 /* prayer_communion_3_en.html in Resources */ = {isa = PBXBuildFile; fileRef = 8A81856E19D2E3F300D4B328 /* prayer_communion_3_en.html */; };
		8A81858919D2E3F300D4B328 /* prayer_daily_0_cn.html in Resources */ = {isa = PBXBuildFile; fileRef = 8A81857119D2E3F300D4B328 /* prayer_daily_0_cn.html */; };
		8A81858A19D2E3F300D4B328 /* prayer_daily_0_en.html in Resources */ = {isa = PBXBuildFile; fileRef = 8A81857219D2E3F300D4B328 /* prayer_daily_0_en.html */; };
		8A81858B19D2E3F300D4B328 /* prayer_daily_1_cn.html in Resources */ = {isa = PBXBuildFile; fileRef = 8A81857319D2E3F300D4B328 /* prayer_daily_1_cn.html */; };
		8A81858C19D2E3F300D4B328 /* prayer_daily_1_en.html in Resources */ = {isa = PBXBuildFile; fileRef = 8A81857419D2E3F300D4B328 /* prayer_daily_1_en.html */; };
		8A81858D19D2E3F300D4B328 /* prayer_daily_2_cn.html in Resources */ = {isa = PBXBuildFile; fileRef = 8A81857519D2E3F300D4B328 /* prayer_daily_2_cn.html */; };
		8A81858E19D2E3F300D4B328 /* prayer_daily_2_en.html in Resources */ = {isa = PBXBuildFile; fileRef = 8A81857619D2E3F300D4B328 /* prayer_daily_2_en.html */; };
		8A8810E71A300DE40095C081 /* acts.sqlite in Resources */ = {isa = PBXBuildFile; fileRef = 8A8810E21A300DE40095C081 /* acts.sqlite */; };
		8A8810E81A300DE40095C081 /* john.sqlite in Resources */ = {isa = PBXBuildFile; fileRef = 8A8810E31A300DE40095C081 /* john.sqlite */; };
		8A8810E91A300DE40095C081 /* luke.sqlite in Resources */ = {isa = PBXBuildFile; fileRef = 8A8810E41A300DE40095C081 /* luke.sqlite */; };
		8A8810EA1A300DE40095C081 /* mark.sqlite in Resources */ = {isa = PBXBuildFile; fileRef = 8A8810E51A300DE40095C081 /* mark.sqlite */; };
		8A8810EB1A300DE40095C081 /* matthew.sqlite in Resources */ = {isa = PBXBuildFile; fileRef = 8A8810E61A300DE40095C081 /* matthew.sqlite */; };
		8A9A3DD519D3AE1600A7D82A /* prayer_communion_4_cn.html in Resources */ = {isa = PBXBuildFile; fileRef = 8A9A3DD119D3AE1600A7D82A /* prayer_communion_4_cn.html */; };
		8A9A3DD619D3AE1600A7D82A /* prayer_communion_4_en.html in Resources */ = {isa = PBXBuildFile; fileRef = 8A9A3DD219D3AE1600A7D82A /* prayer_communion_4_en.html */; };
		8A9A3DD719D3AE1600A7D82A /* prayer_communion_5_cn.html in Resources */ = {isa = PBXBuildFile; fileRef = 8A9A3DD319D3AE1600A7D82A /* prayer_communion_5_cn.html */; };
		8A9A3DD819D3AE1600A7D82A /* prayer_communion_5_en.html in Resources */ = {isa = PBXBuildFile; fileRef = 8A9A3DD419D3AE1600A7D82A /* prayer_communion_5_en.html */; };
		8A9A3DDF19D3AE2800A7D82A /* prayer_group_2_cn.html in Resources */ = {isa = PBXBuildFile; fileRef = 8A9A3DD919D3AE2800A7D82A /* prayer_group_2_cn.html */; };
		8A9A3DE019D3AE2800A7D82A /* prayer_group_2_en.html in Resources */ = {isa = PBXBuildFile; fileRef = 8A9A3DDA19D3AE2800A7D82A /* prayer_group_2_en.html */; };
		8A9A3DE119D3AE2800A7D82A /* prayer_group_3_cn.html in Resources */ = {isa = PBXBuildFile; fileRef = 8A9A3DDB19D3AE2800A7D82A /* prayer_group_3_cn.html */; };
		8A9A3DE219D3AE2800A7D82A /* prayer_group_3_en.html in Resources */ = {isa = PBXBuildFile; fileRef = 8A9A3DDC19D3AE2800A7D82A /* prayer_group_3_en.html */; };
		8A9A3DE319D3AE2800A7D82A /* prayer_group_4_cn.html in Resources */ = {isa = PBXBuildFile; fileRef = 8A9A3DDD19D3AE2800A7D82A /* prayer_group_4_cn.html */; };
		8A9A3DE419D3AE2800A7D82A /* prayer_group_4_en.html in Resources */ = {isa = PBXBuildFile; fileRef = 8A9A3DDE19D3AE2800A7D82A /* prayer_group_4_en.html */; };
		8AA3DF501B1847D700507129 /* saints_08.sqlite in Resources */ = {isa = PBXBuildFile; fileRef = 8AA3DF4C1B1847D700507129 /* saints_08.sqlite */; };
		8AA3DF511B1847D700507129 /* saints_08.txt in Resources */ = {isa = PBXBuildFile; fileRef = 8AA3DF4D1B1847D700507129 /* saints_08.txt */; };
		8AA3DF521B1847D700507129 /* saints_09.sqlite in Resources */ = {isa = PBXBuildFile; fileRef = 8AA3DF4E1B1847D700507129 /* saints_09.sqlite */; };
		8AA3DF531B1847D700507129 /* saints_09.txt in Resources */ = {isa = PBXBuildFile; fileRef = 8AA3DF4F1B1847D700507129 /* saints_09.txt */; };
		8AA3DF581B18594F00507129 /* saints_10.sqlite in Resources */ = {isa = PBXBuildFile; fileRef = 8AA3DF541B18594F00507129 /* saints_10.sqlite */; };
		8AA3DF591B18594F00507129 /* saints_10.txt in Resources */ = {isa = PBXBuildFile; fileRef = 8AA3DF551B18594F00507129 /* saints_10.txt */; };
		8AA3DF5E1B185AE800507129 /* saints_11.sqlite in Resources */ = {isa = PBXBuildFile; fileRef = 8AA3DF5C1B185AE800507129 /* saints_11.sqlite */; };
		8AA3DF5F1B185AE800507129 /* saints_11.txt in Resources */ = {isa = PBXBuildFile; fileRef = 8AA3DF5D1B185AE800507129 /* saints_11.txt */; };
		8AAE4D831AC8E332009421AF /* ImageCell.swift in Sources */ = {isa = PBXBuildFile; fileRef = 8AAE4D821AC8E332009421AF /* ImageCell.swift */; };
		8AC1B10D199866FF00A017C7 /* launch-ipad.png in Resources */ = {isa = PBXBuildFile; fileRef = 8AC1B106199866FF00A017C7 /* launch-ipad.png */; };
		8AC1B10E199866FF00A017C7 /* launch-ipad@2x.png in Resources */ = {isa = PBXBuildFile; fileRef = 8AC1B107199866FF00A017C7 /* launch-ipad@2x.png */; };
		8AC1B10F199866FF00A017C7 /* launch-iphone@2x.png in Resources */ = {isa = PBXBuildFile; fileRef = 8AC1B108199866FF00A017C7 /* launch-iphone@2x.png */; };
		8AC1B110199866FF00A017C7 /* launch-iphone4.png in Resources */ = {isa = PBXBuildFile; fileRef = 8AC1B109199866FF00A017C7 /* launch-iphone4.png */; };
		8AC1B111199866FF00A017C7 /* launch-iphone4@2x.png in Resources */ = {isa = PBXBuildFile; fileRef = 8AC1B10A199866FF00A017C7 /* launch-iphone4@2x.png */; };
		8AC1B112199866FF00A017C7 /* launch-landscape.png in Resources */ = {isa = PBXBuildFile; fileRef = 8AC1B10B199866FF00A017C7 /* launch-landscape.png */; };
		8AC1B113199866FF00A017C7 /* launch-landscape@2x.png in Resources */ = {isa = PBXBuildFile; fileRef = 8AC1B10C199866FF00A017C7 /* launch-landscape@2x.png */; };
		8AC1B115199871DE00A017C7 /* trans_cn.plist in Resources */ = {isa = PBXBuildFile; fileRef = 8AC1B114199871DE00A017C7 /* trans_cn.plist */; };
		8AC2060019E63ED8006FC8EA /* FastingViewController.swift in Sources */ = {isa = PBXBuildFile; fileRef = 8AC205FE19E63ED8006FC8EA /* FastingViewController.swift */; };
		8AC2060119E63ED8006FC8EA /* FastingViewController.xib in Resources */ = {isa = PBXBuildFile; fileRef = 8AC205FF19E63ED8006FC8EA /* FastingViewController.xib */; };
		8AC4558F1A0A2B3F0070FAF7 /* ChurchCalendar.plist in Resources */ = {isa = PBXBuildFile; fileRef = 8AC4558E1A0A2B3F0070FAF7 /* ChurchCalendar.plist */; };
		8AC4E15019DE2BF800CF4271 /* PrayersTab.swift in Sources */ = {isa = PBXBuildFile; fileRef = 8AC4E14F19DE2BF800CF4271 /* PrayersTab.swift */; };
		8AC6950B19E3EDED00773FEB /* food-vegetables.pdf in Resources */ = {isa = PBXBuildFile; fileRef = 8AC6950A19E3EDED00773FEB /* food-vegetables.pdf */; };
		8AC6951619E3FBC200773FEB /* food-bread.pdf in Resources */ = {isa = PBXBuildFile; fileRef = 8AC6950C19E3FBC200773FEB /* food-bread.pdf */; };
		8AC6951719E3FBC200773FEB /* food-cheese.pdf in Resources */ = {isa = PBXBuildFile; fileRef = 8AC6950D19E3FBC200773FEB /* food-cheese.pdf */; };
		8AC6951819E3FBC200773FEB /* food-cupcake.pdf in Resources */ = {isa = PBXBuildFile; fileRef = 8AC6950E19E3FBC200773FEB /* food-cupcake.pdf */; };
		8AC6951919E3FBC200773FEB /* food-fish.pdf in Resources */ = {isa = PBXBuildFile; fileRef = 8AC6950F19E3FBC200773FEB /* food-fish.pdf */; };
		8AC6951A19E3FBC200773FEB /* food-meat.pdf in Resources */ = {isa = PBXBuildFile; fileRef = 8AC6951019E3FBC200773FEB /* food-meat.pdf */; };
		8AC6951B19E3FBC200773FEB /* food-no-egg.pdf in Resources */ = {isa = PBXBuildFile; fileRef = 8AC6951119E3FBC200773FEB /* food-no-egg.pdf */; };
		8AC6951C19E3FBC200773FEB /* food-no-fish.pdf in Resources */ = {isa = PBXBuildFile; fileRef = 8AC6951219E3FBC200773FEB /* food-no-fish.pdf */; };
		8AC6951D19E3FBC200773FEB /* food-no-meat.pdf in Resources */ = {isa = PBXBuildFile; fileRef = 8AC6951319E3FBC200773FEB /* food-no-meat.pdf */; };
		8AC6951E19E3FBC200773FEB /* food-no-milk.pdf in Resources */ = {isa = PBXBuildFile; fileRef = 8AC6951419E3FBC200773FEB /* food-no-milk.pdf */; };
		8AC6951F19E3FBC200773FEB /* food-nuts.pdf in Resources */ = {isa = PBXBuildFile; fileRef = 8AC6951519E3FBC200773FEB /* food-nuts.pdf */; };
		8AC6952419E4011700773FEB /* communion.pdf in Resources */ = {isa = PBXBuildFile; fileRef = 8AC6952019E4011700773FEB /* communion.pdf */; };
		8AC6952519E4011700773FEB /* daily.pdf in Resources */ = {isa = PBXBuildFile; fileRef = 8AC6952119E4011700773FEB /* daily.pdf */; };
		8AC6952619E4011700773FEB /* group.pdf in Resources */ = {isa = PBXBuildFile; fileRef = 8AC6952219E4011700773FEB /* group.pdf */; };
		8AC6952719E4011700773FEB /* library.pdf in Resources */ = {isa = PBXBuildFile; fileRef = 8AC6952319E4011700773FEB /* library.pdf */; };
		8AC6952919E4034D00773FEB /* options.pdf in Resources */ = {isa = PBXBuildFile; fileRef = 8AC6952819E4034D00773FEB /* options.pdf */; };
		8AC7B89419E4CECB00B51294 /* arrow-left.pdf in Resources */ = {isa = PBXBuildFile; fileRef = 8AC7B89219E4CECB00B51294 /* arrow-left.pdf */; };
		8AC7B89519E4CECB00B51294 /* arrow-right.pdf in Resources */ = {isa = PBXBuildFile; fileRef = 8AC7B89319E4CECB00B51294 /* arrow-right.pdf */; };
		8AC7B89719E4D1DE00B51294 /* calendar.pdf in Resources */ = {isa = PBXBuildFile; fileRef = 8AC7B89619E4D1DE00B51294 /* calendar.pdf */; };
		8ACEF0FB1A2EDF5100AF98E0 /* Extensions.swift in Sources */ = {isa = PBXBuildFile; fileRef = 8ACEF0FA1A2EDF5100AF98E0 /* Extensions.swift */; };
		8ACEF0FD1A2EE40800AF98E0 /* DailyReading.swift in Sources */ = {isa = PBXBuildFile; fileRef = 8ACEF0FC1A2EE40800AF98E0 /* DailyReading.swift */; };
		8ADD7D761A56798A00BA9F37 /* ReadingApostle.plist in Resources */ = {isa = PBXBuildFile; fileRef = 8ADD7D751A56798A00BA9F37 /* ReadingApostle.plist */; };
		8ADD7D7B1A56856500BA9F37 /* ReadingJohn.plist in Resources */ = {isa = PBXBuildFile; fileRef = 8ADD7D7A1A56856500BA9F37 /* ReadingJohn.plist */; };
		8ADD7D7D1A56863D00BA9F37 /* ReadingMatthew.plist in Resources */ = {isa = PBXBuildFile; fileRef = 8ADD7D7C1A56863D00BA9F37 /* ReadingMatthew.plist */; };
		8ADD7D7F1A56875400BA9F37 /* ReadingLuke.plist in Resources */ = {isa = PBXBuildFile; fileRef = 8ADD7D7E1A56875400BA9F37 /* ReadingLuke.plist */; };
		8ADD7D811A568C0A00BA9F37 /* ReadingLent.plist in Resources */ = {isa = PBXBuildFile; fileRef = 8ADD7D801A568C0A00BA9F37 /* ReadingLent.plist */; };
		8ADD7D851A56A5C200BA9F37 /* gen.sqlite in Resources */ = {isa = PBXBuildFile; fileRef = 8ADD7D821A56A5C200BA9F37 /* gen.sqlite */; };
		8ADD7D861A56A5C200BA9F37 /* isa.sqlite in Resources */ = {isa = PBXBuildFile; fileRef = 8ADD7D831A56A5C200BA9F37 /* isa.sqlite */; };
		8ADD7D871A56A5C200BA9F37 /* prov.sqlite in Resources */ = {isa = PBXBuildFile; fileRef = 8ADD7D841A56A5C200BA9F37 /* prov.sqlite */; };
		8AE5DEF819E7A80B0069C757 /* ChurchCalendar.swift in Sources */ = {isa = PBXBuildFile; fileRef = 8AE5DEF719E7A80B0069C757 /* ChurchCalendar.swift */; };
		8AE685E91A2559F00029A149 /* Library.swift in Sources */ = {isa = PBXBuildFile; fileRef = 8AE685E81A2559F00029A149 /* Library.swift */; };
		8AE821F41AC54F8E000460C1 /* DailyTab.swift in Sources */ = {isa = PBXBuildFile; fileRef = 8AE821F31AC54F8E000460C1 /* DailyTab.swift */; };
		8AE821F91AC55D8D000460C1 /* RWLabel.swift in Sources */ = {isa = PBXBuildFile; fileRef = 8AE821F81AC55D8D000460C1 /* RWLabel.swift */; };
		8AE821FB1AC560FE000460C1 /* TextCell.swift in Sources */ = {isa = PBXBuildFile; fileRef = 8AE821FA1AC560FE000460C1 /* TextCell.swift */; };
		8AEF81A919999D39000B3D90 /* icon-ipad.png in Resources */ = {isa = PBXBuildFile; fileRef = 8AEF81A219999D39000B3D90 /* icon-ipad.png */; };
		8AEF81AA19999D39000B3D90 /* icon-ipad@2x.png in Resources */ = {isa = PBXBuildFile; fileRef = 8AEF81A319999D39000B3D90 /* icon-ipad@2x.png */; };
		8AEF81AB19999D39000B3D90 /* icon-ipad6.png in Resources */ = {isa = PBXBuildFile; fileRef = 8AEF81A419999D39000B3D90 /* icon-ipad6.png */; };
		8AEF81AC19999D39000B3D90 /* icon-ipad6@2x.png in Resources */ = {isa = PBXBuildFile; fileRef = 8AEF81A519999D39000B3D90 /* icon-ipad6@2x.png */; };
		8AEF81AD19999D39000B3D90 /* icon-iphone.png in Resources */ = {isa = PBXBuildFile; fileRef = 8AEF81A619999D39000B3D90 /* icon-iphone.png */; };
		8AEF81AE19999D39000B3D90 /* icon-iphone6.png in Resources */ = {isa = PBXBuildFile; fileRef = 8AEF81A719999D39000B3D90 /* icon-iphone6.png */; };
		8AEF81AF19999D39000B3D90 /* icon-iphone6@2x.png in Resources */ = {isa = PBXBuildFile; fileRef = 8AEF81A819999D39000B3D90 /* icon-iphone6@2x.png */; };
		8AEF81B11999A194000B3D90 /* icon1024.png in Resources */ = {isa = PBXBuildFile; fileRef = 8AEF81B01999A194000B3D90 /* icon1024.png */; };
		8AEFC27B1A2C747700BAACE0 /* Scripture.swift in Sources */ = {isa = PBXBuildFile; fileRef = 8AEFC27A1A2C747700BAACE0 /* Scripture.swift */; };
		8AEFC27D1A2C8DF800BAACE0 /* Db.swift in Sources */ = {isa = PBXBuildFile; fileRef = 8AEFC27C1A2C8DF800BAACE0 /* Db.swift */; };
		8AF163941B1418880093CC77 /* saints_06.sqlite in Resources */ = {isa = PBXBuildFile; fileRef = 8AF163921B1418880093CC77 /* saints_06.sqlite */; };
		8AF163951B1418880093CC77 /* saints_06.txt in Resources */ = {isa = PBXBuildFile; fileRef = 8AF163931B1418880093CC77 /* saints_06.txt */; };
		8AF2496D1AFF27E0000070C0 /* vigil.pdf in Resources */ = {isa = PBXBuildFile; fileRef = 8AF2496C1AFF27E0000070C0 /* vigil.pdf */; };
		8AF249791AFF308B000070C0 /* doxology.pdf in Resources */ = {isa = PBXBuildFile; fileRef = 8AF249741AFF308B000070C0 /* doxology.pdf */; };
		8AF2497A1AFF308B000070C0 /* great.pdf in Resources */ = {isa = PBXBuildFile; fileRef = 8AF249751AFF308B000070C0 /* great.pdf */; };
		8AF2497B1AFF308B000070C0 /* nosign.pdf in Resources */ = {isa = PBXBuildFile; fileRef = 8AF249761AFF308B000070C0 /* nosign.pdf */; };
		8AF2497C1AFF308B000070C0 /* polyeleos.pdf in Resources */ = {isa = PBXBuildFile; fileRef = 8AF249771AFF308B000070C0 /* polyeleos.pdf */; };
		8AF2497D1AFF308B000070C0 /* sixverse.pdf in Resources */ = {isa = PBXBuildFile; fileRef = 8AF249781AFF308B000070C0 /* sixverse.pdf */; };
		8AF249841AFF4C64000070C0 /* libsqlite3.dylib in Frameworks */ = {isa = PBXBuildFile; fileRef = 8AF249831AFF4C64000070C0 /* libsqlite3.dylib */; };
		8AFAA3971B12E57B001699D6 /* saints_05.sqlite in Resources */ = {isa = PBXBuildFile; fileRef = 8AFAA3961B12E57B001699D6 /* saints_05.sqlite */; };
		8AFAA3991B12E90B001699D6 /* saints_05.txt in Resources */ = {isa = PBXBuildFile; fileRef = 8AFAA3981B12E90B001699D6 /* saints_05.txt */; };
		8AFB8DEB1B1FDC12006715A3 /* saints_03.sqlite in Resources */ = {isa = PBXBuildFile; fileRef = 8AFB8DE91B1FDC12006715A3 /* saints_03.sqlite */; };
		8AFB8DEC1B1FDC12006715A3 /* saints_03.txt in Resources */ = {isa = PBXBuildFile; fileRef = 8AFB8DEA1B1FDC12006715A3 /* saints_03.txt */; };
/* End PBXBuildFile section */

/* Begin PBXFileReference section */
		5A62731A9EACCC95CE394485 /* Pods.release.xcconfig */ = {isa = PBXFileReference; includeInIndex = 1; lastKnownFileType = text.xcconfig; name = Pods.release.xcconfig; path = "Pods/Target Support Files/Pods/Pods.release.xcconfig"; sourceTree = "<group>"; };
		8799EEEA8D5859351A428ACC /* Pods.debug.xcconfig */ = {isa = PBXFileReference; includeInIndex = 1; lastKnownFileType = text.xcconfig; name = Pods.debug.xcconfig; path = "Pods/Target Support Files/Pods/Pods.debug.xcconfig"; sourceTree = "<group>"; };
		8A06E66D1B187FC300925F63 /* saints_12.sqlite */ = {isa = PBXFileReference; lastKnownFileType = file; path = saints_12.sqlite; sourceTree = "<group>"; };
		8A06E66E1B187FC300925F63 /* saints_12.txt */ = {isa = PBXFileReference; fileEncoding = 4; lastKnownFileType = text; path = saints_12.txt; sourceTree = "<group>"; };
		8A0EDB101B1E8E29008E48CB /* saints_02.sqlite */ = {isa = PBXFileReference; lastKnownFileType = file; path = saints_02.sqlite; sourceTree = "<group>"; };
		8A0EDB111B1E8E29008E48CB /* saints_02.txt */ = {isa = PBXFileReference; fileEncoding = 4; lastKnownFileType = text; path = saints_02.txt; sourceTree = "<group>"; };
		8A181E0C1B1D3C9A00D8C2FB /* saints_01.sqlite */ = {isa = PBXFileReference; lastKnownFileType = file; path = saints_01.sqlite; sourceTree = "<group>"; };
		8A181E0D1B1D3C9A00D8C2FB /* saints_01.txt */ = {isa = PBXFileReference; fileEncoding = 4; lastKnownFileType = text; path = saints_01.txt; sourceTree = "<group>"; };
		8A2F469A19E110CF00076AF4 /* prayer_group_0_cn.html */ = {isa = PBXFileReference; fileEncoding = 4; lastKnownFileType = text.html; path = prayer_group_0_cn.html; sourceTree = "<group>"; };
		8A2F469B19E110CF00076AF4 /* prayer_group_0_en.html */ = {isa = PBXFileReference; fileEncoding = 4; lastKnownFileType = text.html; path = prayer_group_0_en.html; sourceTree = "<group>"; };
		8A2F469C19E110CF00076AF4 /* prayer_group_1_cn.html */ = {isa = PBXFileReference; fileEncoding = 4; lastKnownFileType = text.html; path = prayer_group_1_cn.html; sourceTree = "<group>"; };
		8A2F469D19E110CF00076AF4 /* prayer_group_1_en.html */ = {isa = PBXFileReference; fileEncoding = 4; lastKnownFileType = text.html; path = prayer_group_1_en.html; sourceTree = "<group>"; };
		8A2F46A419E11CEA00076AF4 /* Prayer.swift */ = {isa = PBXFileReference; fileEncoding = 4; lastKnownFileType = sourcecode.swift; path = Prayer.swift; sourceTree = "<group>"; };
		8A2F46A619E12B4100076AF4 /* AppDelegate.swift */ = {isa = PBXFileReference; fileEncoding = 4; lastKnownFileType = sourcecode.swift; path = AppDelegate.swift; sourceTree = "<group>"; };
		8A2F46A819E1302700076AF4 /* Translate.swift */ = {isa = PBXFileReference; fileEncoding = 4; lastKnownFileType = sourcecode.swift; path = Translate.swift; sourceTree = "<group>"; };
		8A2F46AA19E145D200076AF4 /* Options.swift */ = {isa = PBXFileReference; fileEncoding = 4; lastKnownFileType = sourcecode.swift; path = Options.swift; sourceTree = "<group>"; };
		8A2F46AC19E1516800076AF4 /* prayerbook-Bridging-Header.h */ = {isa = PBXFileReference; fileEncoding = 4; lastKnownFileType = sourcecode.c.h; path = "prayerbook-Bridging-Header.h"; sourceTree = "<group>"; };
		8A3A20FB1A46C0150052861D /* 1cor.sqlite */ = {isa = PBXFileReference; lastKnownFileType = file; path = 1cor.sqlite; sourceTree = "<group>"; };
		8A3A20FC1A46C0150052861D /* 1john.sqlite */ = {isa = PBXFileReference; lastKnownFileType = file; path = 1john.sqlite; sourceTree = "<group>"; };
		8A3A20FD1A46C0150052861D /* 1pet.sqlite */ = {isa = PBXFileReference; lastKnownFileType = file; path = 1pet.sqlite; sourceTree = "<group>"; };
		8A3A20FE1A46C0150052861D /* 1thess.sqlite */ = {isa = PBXFileReference; lastKnownFileType = file; path = 1thess.sqlite; sourceTree = "<group>"; };
		8A3A20FF1A46C0150052861D /* 1tim.sqlite */ = {isa = PBXFileReference; lastKnownFileType = file; path = 1tim.sqlite; sourceTree = "<group>"; };
		8A3A21001A46C0150052861D /* 2cor.sqlite */ = {isa = PBXFileReference; lastKnownFileType = file; path = 2cor.sqlite; sourceTree = "<group>"; };
		8A3A21011A46C0150052861D /* 2john.sqlite */ = {isa = PBXFileReference; lastKnownFileType = file; path = 2john.sqlite; sourceTree = "<group>"; };
		8A3A21021A46C0150052861D /* 2pet.sqlite */ = {isa = PBXFileReference; lastKnownFileType = file; path = 2pet.sqlite; sourceTree = "<group>"; };
		8A3A21031A46C0150052861D /* 2thess.sqlite */ = {isa = PBXFileReference; lastKnownFileType = file; path = 2thess.sqlite; sourceTree = "<group>"; };
		8A3A21041A46C0150052861D /* 2tim.sqlite */ = {isa = PBXFileReference; lastKnownFileType = file; path = 2tim.sqlite; sourceTree = "<group>"; };
		8A3A21051A46C0150052861D /* 3john.sqlite */ = {isa = PBXFileReference; lastKnownFileType = file; path = 3john.sqlite; sourceTree = "<group>"; };
		8A3A21061A46C0150052861D /* col.sqlite */ = {isa = PBXFileReference; lastKnownFileType = file; path = col.sqlite; sourceTree = "<group>"; };
		8A3A21071A46C0150052861D /* ephes.sqlite */ = {isa = PBXFileReference; lastKnownFileType = file; path = ephes.sqlite; sourceTree = "<group>"; };
		8A3A21081A46C0150052861D /* gal.sqlite */ = {isa = PBXFileReference; lastKnownFileType = file; path = gal.sqlite; sourceTree = "<group>"; };
		8A3A21091A46C0150052861D /* heb.sqlite */ = {isa = PBXFileReference; lastKnownFileType = file; path = heb.sqlite; sourceTree = "<group>"; };
		8A3A210A1A46C0150052861D /* james.sqlite */ = {isa = PBXFileReference; lastKnownFileType = file; path = james.sqlite; sourceTree = "<group>"; };
		8A3A210B1A46C0150052861D /* jude.sqlite */ = {isa = PBXFileReference; lastKnownFileType = file; path = jude.sqlite; sourceTree = "<group>"; };
		8A3A210C1A46C0150052861D /* phil.sqlite */ = {isa = PBXFileReference; lastKnownFileType = file; path = phil.sqlite; sourceTree = "<group>"; };
		8A3A210D1A46C0150052861D /* rom.sqlite */ = {isa = PBXFileReference; lastKnownFileType = file; path = rom.sqlite; sourceTree = "<group>"; };
		8A3A210E1A46C0150052861D /* tit.sqlite */ = {isa = PBXFileReference; lastKnownFileType = file; path = tit.sqlite; sourceTree = "<group>"; };
		8A3A21261A46C14D0052861D /* philem.sqlite */ = {isa = PBXFileReference; lastKnownFileType = file; path = philem.sqlite; sourceTree = "<group>"; };
		8A3A21271A46C14D0052861D /* rev.sqlite */ = {isa = PBXFileReference; lastKnownFileType = file; path = rev.sqlite; sourceTree = "<group>"; };
		8A3CD13119E51D0400A78A32 /* RDVCalendarDayCell.h */ = {isa = PBXFileReference; fileEncoding = 4; lastKnownFileType = sourcecode.c.h; path = RDVCalendarDayCell.h; sourceTree = "<group>"; };
		8A3CD13219E51D0400A78A32 /* RDVCalendarDayCell.m */ = {isa = PBXFileReference; fileEncoding = 4; lastKnownFileType = sourcecode.c.objc; path = RDVCalendarDayCell.m; sourceTree = "<group>"; };
		8A3CD13319E51D0400A78A32 /* RDVCalendarView.h */ = {isa = PBXFileReference; fileEncoding = 4; lastKnownFileType = sourcecode.c.h; path = RDVCalendarView.h; sourceTree = "<group>"; };
		8A3CD13419E51D0400A78A32 /* RDVCalendarView.m */ = {isa = PBXFileReference; fileEncoding = 4; lastKnownFileType = sourcecode.c.objc; path = RDVCalendarView.m; sourceTree = "<group>"; };
		8A3CD13719E5233100A78A32 /* CalendarViewController.swift */ = {isa = PBXFileReference; fileEncoding = 4; lastKnownFileType = sourcecode.swift; path = CalendarViewController.swift; sourceTree = "<group>"; };
		8A41935F19E68D9900D570A9 /* food-no-cupcake.pdf */ = {isa = PBXFileReference; lastKnownFileType = image.pdf; path = "food-no-cupcake.pdf"; sourceTree = "<group>"; };
		8A41936119E6921600D570A9 /* food-egg.pdf */ = {isa = PBXFileReference; lastKnownFileType = image.pdf; path = "food-egg.pdf"; sourceTree = "<group>"; };
		8A41936219E6921600D570A9 /* food-milk.pdf */ = {isa = PBXFileReference; lastKnownFileType = image.pdf; path = "food-milk.pdf"; sourceTree = "<group>"; };
		8A46EA2E1B01873B001F1E59 /* Bindable.swift */ = {isa = PBXFileReference; fileEncoding = 4; lastKnownFileType = sourcecode.swift; path = Bindable.swift; sourceTree = "<group>"; };
		8A46EA2F1B01873B001F1E59 /* Database.swift */ = {isa = PBXFileReference; fileEncoding = 4; lastKnownFileType = sourcecode.swift; path = Database.swift; sourceTree = "<group>"; };
		8A46EA301B01873B001F1E59 /* DatabasePool.swift */ = {isa = PBXFileReference; fileEncoding = 4; lastKnownFileType = sourcecode.swift; path = DatabasePool.swift; sourceTree = "<group>"; };
		8A46EA311B01873B001F1E59 /* DeleteHelpers.swift */ = {isa = PBXFileReference; fileEncoding = 4; lastKnownFileType = sourcecode.swift; path = DeleteHelpers.swift; sourceTree = "<group>"; };
		8A46EA321B01873B001F1E59 /* Errors.swift */ = {isa = PBXFileReference; fileEncoding = 4; lastKnownFileType = sourcecode.swift; path = Errors.swift; sourceTree = "<group>"; };
		8A46EA331B01873B001F1E59 /* InsertHelpers.swift */ = {isa = PBXFileReference; fileEncoding = 4; lastKnownFileType = sourcecode.swift; path = InsertHelpers.swift; sourceTree = "<group>"; };
		8A46EA341B01873B001F1E59 /* SchemaHelpers.swift */ = {isa = PBXFileReference; fileEncoding = 4; lastKnownFileType = sourcecode.swift; path = SchemaHelpers.swift; sourceTree = "<group>"; };
		8A46EA351B01873B001F1E59 /* SelectHelpers.swift */ = {isa = PBXFileReference; fileEncoding = 4; lastKnownFileType = sourcecode.swift; path = SelectHelpers.swift; sourceTree = "<group>"; };
		8A46EA361B01873B001F1E59 /* Statement.swift */ = {isa = PBXFileReference; fileEncoding = 4; lastKnownFileType = sourcecode.swift; path = Statement.swift; sourceTree = "<group>"; };
		8A46EA371B01873B001F1E59 /* TransactionHelpers.swift */ = {isa = PBXFileReference; fileEncoding = 4; lastKnownFileType = sourcecode.swift; path = TransactionHelpers.swift; sourceTree = "<group>"; };
		8A46EA381B01873B001F1E59 /* UpdateHelpers.swift */ = {isa = PBXFileReference; fileEncoding = 4; lastKnownFileType = sourcecode.swift; path = UpdateHelpers.swift; sourceTree = "<group>"; };
		8A59A7771AD2318C00F92017 /* TextDetailsCell.swift */ = {isa = PBXFileReference; fileEncoding = 4; lastKnownFileType = sourcecode.swift; path = TextDetailsCell.swift; sourceTree = "<group>"; };
		8A59A77C1AD23EEF00F92017 /* ConfigurableCell.swift */ = {isa = PBXFileReference; fileEncoding = 4; lastKnownFileType = sourcecode.swift; path = ConfigurableCell.swift; sourceTree = "<group>"; };
		8A59F34B1B14371800B15FA1 /* saints_07.sqlite */ = {isa = PBXFileReference; lastKnownFileType = file; path = saints_07.sqlite; sourceTree = "<group>"; };
		8A59F34C1B14371800B15FA1 /* saints_07.txt */ = {isa = PBXFileReference; fileEncoding = 4; lastKnownFileType = text; path = saints_07.txt; sourceTree = "<group>"; };
		8A74D7F7198F20CC0078F39F /* prayerbook.app */ = {isa = PBXFileReference; explicitFileType = wrapper.application; includeInIndex = 0; path = prayerbook.app; sourceTree = BUILT_PRODUCTS_DIR; };
		8A74D7FA198F20CC0078F39F /* Foundation.framework */ = {isa = PBXFileReference; lastKnownFileType = wrapper.framework; name = Foundation.framework; path = System/Library/Frameworks/Foundation.framework; sourceTree = SDKROOT; };
		8A74D7FC198F20CC0078F39F /* CoreGraphics.framework */ = {isa = PBXFileReference; lastKnownFileType = wrapper.framework; name = CoreGraphics.framework; path = System/Library/Frameworks/CoreGraphics.framework; sourceTree = SDKROOT; };
		8A74D7FE198F20CC0078F39F /* UIKit.framework */ = {isa = PBXFileReference; lastKnownFileType = wrapper.framework; name = UIKit.framework; path = System/Library/Frameworks/UIKit.framework; sourceTree = SDKROOT; };
		8A74D802198F20CC0078F39F /* prayerbook-Info.plist */ = {isa = PBXFileReference; lastKnownFileType = text.plist.xml; path = "prayerbook-Info.plist"; sourceTree = "<group>"; };
		8A74D804198F20CC0078F39F /* en */ = {isa = PBXFileReference; lastKnownFileType = text.plist.strings; name = en; path = en.lproj/InfoPlist.strings; sourceTree = "<group>"; };
		8A74D806198F20CC0078F39F /* main.m */ = {isa = PBXFileReference; lastKnownFileType = sourcecode.c.objc; path = main.m; sourceTree = "<group>"; };
		8A74D808198F20CC0078F39F /* prayerbook-Prefix.pch */ = {isa = PBXFileReference; lastKnownFileType = sourcecode.c.h; path = "prayerbook-Prefix.pch"; sourceTree = "<group>"; };
		8A74D815198F20CC0078F39F /* Images.xcassets */ = {isa = PBXFileReference; lastKnownFileType = folder.assetcatalog; path = Images.xcassets; sourceTree = "<group>"; };
		8A74D832198F224E0078F39F /* Main.storyboard */ = {isa = PBXFileReference; fileEncoding = 4; lastKnownFileType = file.storyboard; path = Main.storyboard; sourceTree = "<group>"; };
		8A74D837198F2AF70078F39F /* index_en.plist */ = {isa = PBXFileReference; fileEncoding = 4; lastKnownFileType = text.plist.xml; path = index_en.plist; sourceTree = "<group>"; };
		8A74D83E198F5F350078F39F /* index_cn.plist */ = {isa = PBXFileReference; fileEncoding = 4; lastKnownFileType = text.plist.xml; path = index_cn.plist; sourceTree = "<group>"; };
		8A74D848198F691A0078F39F /* CN.png */ = {isa = PBXFileReference; lastKnownFileType = image.png; path = CN.png; sourceTree = "<group>"; };
		8A74D849198F691A0078F39F /* CN@2x.png */ = {isa = PBXFileReference; lastKnownFileType = image.png; path = "CN@2x.png"; sourceTree = "<group>"; };
		8A74D84A198F691A0078F39F /* US.png */ = {isa = PBXFileReference; lastKnownFileType = image.png; path = US.png; sourceTree = "<group>"; };
		8A74D84B198F691A0078F39F /* US@2x.png */ = {isa = PBXFileReference; lastKnownFileType = image.png; path = "US@2x.png"; sourceTree = "<group>"; };
		8A81856719D2E3F300D4B328 /* prayer_communion_0_cn.html */ = {isa = PBXFileReference; fileEncoding = 4; lastKnownFileType = text.html; path = prayer_communion_0_cn.html; sourceTree = "<group>"; };
		8A81856819D2E3F300D4B328 /* prayer_communion_0_en.html */ = {isa = PBXFileReference; fileEncoding = 4; lastKnownFileType = text.html; path = prayer_communion_0_en.html; sourceTree = "<group>"; };
		8A81856919D2E3F300D4B328 /* prayer_communion_1_cn.html */ = {isa = PBXFileReference; fileEncoding = 4; lastKnownFileType = text.html; path = prayer_communion_1_cn.html; sourceTree = "<group>"; };
		8A81856A19D2E3F300D4B328 /* prayer_communion_1_en.html */ = {isa = PBXFileReference; fileEncoding = 4; lastKnownFileType = text.html; path = prayer_communion_1_en.html; sourceTree = "<group>"; };
		8A81856B19D2E3F300D4B328 /* prayer_communion_2_cn.html */ = {isa = PBXFileReference; fileEncoding = 4; lastKnownFileType = text.html; path = prayer_communion_2_cn.html; sourceTree = "<group>"; };
		8A81856C19D2E3F300D4B328 /* prayer_communion_2_en.html */ = {isa = PBXFileReference; fileEncoding = 4; lastKnownFileType = text.html; path = prayer_communion_2_en.html; sourceTree = "<group>"; };
		8A81856D19D2E3F300D4B328 /* prayer_communion_3_cn.html */ = {isa = PBXFileReference; fileEncoding = 4; lastKnownFileType = text.html; path = prayer_communion_3_cn.html; sourceTree = "<group>"; };
		8A81856E19D2E3F300D4B328 /* prayer_communion_3_en.html */ = {isa = PBXFileReference; fileEncoding = 4; lastKnownFileType = text.html; path = prayer_communion_3_en.html; sourceTree = "<group>"; };
		8A81857119D2E3F300D4B328 /* prayer_daily_0_cn.html */ = {isa = PBXFileReference; fileEncoding = 4; lastKnownFileType = text.html; path = prayer_daily_0_cn.html; sourceTree = "<group>"; };
		8A81857219D2E3F300D4B328 /* prayer_daily_0_en.html */ = {isa = PBXFileReference; fileEncoding = 4; lastKnownFileType = text.html; path = prayer_daily_0_en.html; sourceTree = "<group>"; };
		8A81857319D2E3F300D4B328 /* prayer_daily_1_cn.html */ = {isa = PBXFileReference; fileEncoding = 4; lastKnownFileType = text.html; path = prayer_daily_1_cn.html; sourceTree = "<group>"; };
		8A81857419D2E3F300D4B328 /* prayer_daily_1_en.html */ = {isa = PBXFileReference; fileEncoding = 4; lastKnownFileType = text.html; path = prayer_daily_1_en.html; sourceTree = "<group>"; };
		8A81857519D2E3F300D4B328 /* prayer_daily_2_cn.html */ = {isa = PBXFileReference; fileEncoding = 4; lastKnownFileType = text.html; path = prayer_daily_2_cn.html; sourceTree = "<group>"; };
		8A81857619D2E3F300D4B328 /* prayer_daily_2_en.html */ = {isa = PBXFileReference; fileEncoding = 4; lastKnownFileType = text.html; path = prayer_daily_2_en.html; sourceTree = "<group>"; };
		8A8810E21A300DE40095C081 /* acts.sqlite */ = {isa = PBXFileReference; lastKnownFileType = file; path = acts.sqlite; sourceTree = "<group>"; };
		8A8810E31A300DE40095C081 /* john.sqlite */ = {isa = PBXFileReference; lastKnownFileType = file; path = john.sqlite; sourceTree = "<group>"; };
		8A8810E41A300DE40095C081 /* luke.sqlite */ = {isa = PBXFileReference; lastKnownFileType = file; path = luke.sqlite; sourceTree = "<group>"; };
		8A8810E51A300DE40095C081 /* mark.sqlite */ = {isa = PBXFileReference; lastKnownFileType = file; path = mark.sqlite; sourceTree = "<group>"; };
		8A8810E61A300DE40095C081 /* matthew.sqlite */ = {isa = PBXFileReference; lastKnownFileType = file; path = matthew.sqlite; sourceTree = "<group>"; };
		8A9A3DD119D3AE1600A7D82A /* prayer_communion_4_cn.html */ = {isa = PBXFileReference; fileEncoding = 4; lastKnownFileType = text.html; path = prayer_communion_4_cn.html; sourceTree = "<group>"; };
		8A9A3DD219D3AE1600A7D82A /* prayer_communion_4_en.html */ = {isa = PBXFileReference; fileEncoding = 4; lastKnownFileType = text.html; path = prayer_communion_4_en.html; sourceTree = "<group>"; };
		8A9A3DD319D3AE1600A7D82A /* prayer_communion_5_cn.html */ = {isa = PBXFileReference; fileEncoding = 4; lastKnownFileType = text.html; path = prayer_communion_5_cn.html; sourceTree = "<group>"; };
		8A9A3DD419D3AE1600A7D82A /* prayer_communion_5_en.html */ = {isa = PBXFileReference; fileEncoding = 4; lastKnownFileType = text.html; path = prayer_communion_5_en.html; sourceTree = "<group>"; };
		8A9A3DD919D3AE2800A7D82A /* prayer_group_2_cn.html */ = {isa = PBXFileReference; fileEncoding = 4; lastKnownFileType = text.html; path = prayer_group_2_cn.html; sourceTree = "<group>"; };
		8A9A3DDA19D3AE2800A7D82A /* prayer_group_2_en.html */ = {isa = PBXFileReference; fileEncoding = 4; lastKnownFileType = text.html; path = prayer_group_2_en.html; sourceTree = "<group>"; };
		8A9A3DDB19D3AE2800A7D82A /* prayer_group_3_cn.html */ = {isa = PBXFileReference; fileEncoding = 4; lastKnownFileType = text.html; path = prayer_group_3_cn.html; sourceTree = "<group>"; };
		8A9A3DDC19D3AE2800A7D82A /* prayer_group_3_en.html */ = {isa = PBXFileReference; fileEncoding = 4; lastKnownFileType = text.html; path = prayer_group_3_en.html; sourceTree = "<group>"; };
		8A9A3DDD19D3AE2800A7D82A /* prayer_group_4_cn.html */ = {isa = PBXFileReference; fileEncoding = 4; lastKnownFileType = text.html; path = prayer_group_4_cn.html; sourceTree = "<group>"; };
		8A9A3DDE19D3AE2800A7D82A /* prayer_group_4_en.html */ = {isa = PBXFileReference; fileEncoding = 4; lastKnownFileType = text.html; path = prayer_group_4_en.html; sourceTree = "<group>"; };
		8A9DB9921998C94200C9B0FF /* zh-Hans */ = {isa = PBXFileReference; lastKnownFileType = text.plist.strings; name = "zh-Hans"; path = "zh-Hans.lproj/InfoPlist.strings"; sourceTree = "<group>"; };
		8A9DB9931998CBF500C9B0FF /* zh-Hant */ = {isa = PBXFileReference; lastKnownFileType = text.plist.strings; name = "zh-Hant"; path = "zh-Hant.lproj/InfoPlist.strings"; sourceTree = "<group>"; };
		8AA3DF4C1B1847D700507129 /* saints_08.sqlite */ = {isa = PBXFileReference; lastKnownFileType = file; path = saints_08.sqlite; sourceTree = "<group>"; };
		8AA3DF4D1B1847D700507129 /* saints_08.txt */ = {isa = PBXFileReference; fileEncoding = 4; lastKnownFileType = text; path = saints_08.txt; sourceTree = "<group>"; };
		8AA3DF4E1B1847D700507129 /* saints_09.sqlite */ = {isa = PBXFileReference; lastKnownFileType = file; path = saints_09.sqlite; sourceTree = "<group>"; };
		8AA3DF4F1B1847D700507129 /* saints_09.txt */ = {isa = PBXFileReference; fileEncoding = 4; lastKnownFileType = text; path = saints_09.txt; sourceTree = "<group>"; };
		8AA3DF541B18594F00507129 /* saints_10.sqlite */ = {isa = PBXFileReference; lastKnownFileType = file; path = saints_10.sqlite; sourceTree = "<group>"; };
		8AA3DF551B18594F00507129 /* saints_10.txt */ = {isa = PBXFileReference; fileEncoding = 4; lastKnownFileType = text; path = saints_10.txt; sourceTree = "<group>"; };
		8AA3DF5C1B185AE800507129 /* saints_11.sqlite */ = {isa = PBXFileReference; lastKnownFileType = file; path = saints_11.sqlite; sourceTree = "<group>"; };
		8AA3DF5D1B185AE800507129 /* saints_11.txt */ = {isa = PBXFileReference; fileEncoding = 4; lastKnownFileType = text; path = saints_11.txt; sourceTree = "<group>"; };
		8AAE4D821AC8E332009421AF /* ImageCell.swift */ = {isa = PBXFileReference; fileEncoding = 4; lastKnownFileType = sourcecode.swift; path = ImageCell.swift; sourceTree = "<group>"; };
		8AC1B106199866FF00A017C7 /* launch-ipad.png */ = {isa = PBXFileReference; lastKnownFileType = image.png; path = "launch-ipad.png"; sourceTree = "<group>"; };
		8AC1B107199866FF00A017C7 /* launch-ipad@2x.png */ = {isa = PBXFileReference; lastKnownFileType = image.png; path = "launch-ipad@2x.png"; sourceTree = "<group>"; };
		8AC1B108199866FF00A017C7 /* launch-iphone@2x.png */ = {isa = PBXFileReference; lastKnownFileType = image.png; path = "launch-iphone@2x.png"; sourceTree = "<group>"; };
		8AC1B109199866FF00A017C7 /* launch-iphone4.png */ = {isa = PBXFileReference; lastKnownFileType = image.png; path = "launch-iphone4.png"; sourceTree = "<group>"; };
		8AC1B10A199866FF00A017C7 /* launch-iphone4@2x.png */ = {isa = PBXFileReference; lastKnownFileType = image.png; path = "launch-iphone4@2x.png"; sourceTree = "<group>"; };
		8AC1B10B199866FF00A017C7 /* launch-landscape.png */ = {isa = PBXFileReference; lastKnownFileType = image.png; path = "launch-landscape.png"; sourceTree = "<group>"; };
		8AC1B10C199866FF00A017C7 /* launch-landscape@2x.png */ = {isa = PBXFileReference; lastKnownFileType = image.png; path = "launch-landscape@2x.png"; sourceTree = "<group>"; };
		8AC1B114199871DE00A017C7 /* trans_cn.plist */ = {isa = PBXFileReference; fileEncoding = 4; lastKnownFileType = text.plist.xml; path = trans_cn.plist; sourceTree = "<group>"; };
		8AC205FE19E63ED8006FC8EA /* FastingViewController.swift */ = {isa = PBXFileReference; fileEncoding = 4; lastKnownFileType = sourcecode.swift; path = FastingViewController.swift; sourceTree = "<group>"; };
		8AC205FF19E63ED8006FC8EA /* FastingViewController.xib */ = {isa = PBXFileReference; fileEncoding = 4; lastKnownFileType = file.xib; path = FastingViewController.xib; sourceTree = "<group>"; };
		8AC4558E1A0A2B3F0070FAF7 /* ChurchCalendar.plist */ = {isa = PBXFileReference; fileEncoding = 4; lastKnownFileType = text.plist.xml; path = ChurchCalendar.plist; sourceTree = "<group>"; };
		8AC4E14F19DE2BF800CF4271 /* PrayersTab.swift */ = {isa = PBXFileReference; fileEncoding = 4; lastKnownFileType = sourcecode.swift; path = PrayersTab.swift; sourceTree = "<group>"; };
		8AC6950A19E3EDED00773FEB /* food-vegetables.pdf */ = {isa = PBXFileReference; lastKnownFileType = image.pdf; path = "food-vegetables.pdf"; sourceTree = "<group>"; };
		8AC6950C19E3FBC200773FEB /* food-bread.pdf */ = {isa = PBXFileReference; lastKnownFileType = image.pdf; path = "food-bread.pdf"; sourceTree = "<group>"; };
		8AC6950D19E3FBC200773FEB /* food-cheese.pdf */ = {isa = PBXFileReference; lastKnownFileType = image.pdf; path = "food-cheese.pdf"; sourceTree = "<group>"; };
		8AC6950E19E3FBC200773FEB /* food-cupcake.pdf */ = {isa = PBXFileReference; lastKnownFileType = image.pdf; path = "food-cupcake.pdf"; sourceTree = "<group>"; };
		8AC6950F19E3FBC200773FEB /* food-fish.pdf */ = {isa = PBXFileReference; lastKnownFileType = image.pdf; path = "food-fish.pdf"; sourceTree = "<group>"; };
		8AC6951019E3FBC200773FEB /* food-meat.pdf */ = {isa = PBXFileReference; lastKnownFileType = image.pdf; path = "food-meat.pdf"; sourceTree = "<group>"; };
		8AC6951119E3FBC200773FEB /* food-no-egg.pdf */ = {isa = PBXFileReference; lastKnownFileType = image.pdf; path = "food-no-egg.pdf"; sourceTree = "<group>"; };
		8AC6951219E3FBC200773FEB /* food-no-fish.pdf */ = {isa = PBXFileReference; lastKnownFileType = image.pdf; path = "food-no-fish.pdf"; sourceTree = "<group>"; };
		8AC6951319E3FBC200773FEB /* food-no-meat.pdf */ = {isa = PBXFileReference; lastKnownFileType = image.pdf; path = "food-no-meat.pdf"; sourceTree = "<group>"; };
		8AC6951419E3FBC200773FEB /* food-no-milk.pdf */ = {isa = PBXFileReference; lastKnownFileType = image.pdf; path = "food-no-milk.pdf"; sourceTree = "<group>"; };
		8AC6951519E3FBC200773FEB /* food-nuts.pdf */ = {isa = PBXFileReference; lastKnownFileType = image.pdf; path = "food-nuts.pdf"; sourceTree = "<group>"; };
		8AC6952019E4011700773FEB /* communion.pdf */ = {isa = PBXFileReference; lastKnownFileType = image.pdf; path = communion.pdf; sourceTree = "<group>"; };
		8AC6952119E4011700773FEB /* daily.pdf */ = {isa = PBXFileReference; lastKnownFileType = image.pdf; path = daily.pdf; sourceTree = "<group>"; };
		8AC6952219E4011700773FEB /* group.pdf */ = {isa = PBXFileReference; lastKnownFileType = image.pdf; path = group.pdf; sourceTree = "<group>"; };
		8AC6952319E4011700773FEB /* library.pdf */ = {isa = PBXFileReference; lastKnownFileType = image.pdf; path = library.pdf; sourceTree = "<group>"; };
		8AC6952819E4034D00773FEB /* options.pdf */ = {isa = PBXFileReference; lastKnownFileType = image.pdf; path = options.pdf; sourceTree = "<group>"; };
		8AC7B89219E4CECB00B51294 /* arrow-left.pdf */ = {isa = PBXFileReference; lastKnownFileType = image.pdf; path = "arrow-left.pdf"; sourceTree = "<group>"; };
		8AC7B89319E4CECB00B51294 /* arrow-right.pdf */ = {isa = PBXFileReference; lastKnownFileType = image.pdf; path = "arrow-right.pdf"; sourceTree = "<group>"; };
		8AC7B89619E4D1DE00B51294 /* calendar.pdf */ = {isa = PBXFileReference; lastKnownFileType = image.pdf; path = calendar.pdf; sourceTree = "<group>"; };
		8ACEF0FA1A2EDF5100AF98E0 /* Extensions.swift */ = {isa = PBXFileReference; fileEncoding = 4; lastKnownFileType = sourcecode.swift; path = Extensions.swift; sourceTree = "<group>"; };
		8ACEF0FC1A2EE40800AF98E0 /* DailyReading.swift */ = {isa = PBXFileReference; fileEncoding = 4; lastKnownFileType = sourcecode.swift; path = DailyReading.swift; sourceTree = "<group>"; };
		8ADD7D751A56798A00BA9F37 /* ReadingApostle.plist */ = {isa = PBXFileReference; fileEncoding = 4; lastKnownFileType = text.plist.xml; path = ReadingApostle.plist; sourceTree = "<group>"; };
		8ADD7D7A1A56856500BA9F37 /* ReadingJohn.plist */ = {isa = PBXFileReference; fileEncoding = 4; lastKnownFileType = text.plist.xml; path = ReadingJohn.plist; sourceTree = "<group>"; };
		8ADD7D7C1A56863D00BA9F37 /* ReadingMatthew.plist */ = {isa = PBXFileReference; fileEncoding = 4; lastKnownFileType = text.plist.xml; path = ReadingMatthew.plist; sourceTree = "<group>"; };
		8ADD7D7E1A56875400BA9F37 /* ReadingLuke.plist */ = {isa = PBXFileReference; fileEncoding = 4; lastKnownFileType = text.plist.xml; path = ReadingLuke.plist; sourceTree = "<group>"; };
		8ADD7D801A568C0A00BA9F37 /* ReadingLent.plist */ = {isa = PBXFileReference; fileEncoding = 4; lastKnownFileType = text.plist.xml; path = ReadingLent.plist; sourceTree = "<group>"; };
		8ADD7D821A56A5C200BA9F37 /* gen.sqlite */ = {isa = PBXFileReference; lastKnownFileType = file; path = gen.sqlite; sourceTree = "<group>"; };
		8ADD7D831A56A5C200BA9F37 /* isa.sqlite */ = {isa = PBXFileReference; lastKnownFileType = file; path = isa.sqlite; sourceTree = "<group>"; };
		8ADD7D841A56A5C200BA9F37 /* prov.sqlite */ = {isa = PBXFileReference; lastKnownFileType = file; path = prov.sqlite; sourceTree = "<group>"; };
		8AE5DEF719E7A80B0069C757 /* ChurchCalendar.swift */ = {isa = PBXFileReference; fileEncoding = 4; lastKnownFileType = sourcecode.swift; path = ChurchCalendar.swift; sourceTree = "<group>"; };
		8AE685E81A2559F00029A149 /* Library.swift */ = {isa = PBXFileReference; fileEncoding = 4; lastKnownFileType = sourcecode.swift; path = Library.swift; sourceTree = "<group>"; };
		8AE821F31AC54F8E000460C1 /* DailyTab.swift */ = {isa = PBXFileReference; fileEncoding = 4; lastKnownFileType = sourcecode.swift; path = DailyTab.swift; sourceTree = "<group>"; };
		8AE821F81AC55D8D000460C1 /* RWLabel.swift */ = {isa = PBXFileReference; fileEncoding = 4; lastKnownFileType = sourcecode.swift; path = RWLabel.swift; sourceTree = "<group>"; };
		8AE821FA1AC560FE000460C1 /* TextCell.swift */ = {isa = PBXFileReference; fileEncoding = 4; lastKnownFileType = sourcecode.swift; path = TextCell.swift; sourceTree = "<group>"; };
		8AEF81A219999D39000B3D90 /* icon-ipad.png */ = {isa = PBXFileReference; lastKnownFileType = image.png; path = "icon-ipad.png"; sourceTree = "<group>"; };
		8AEF81A319999D39000B3D90 /* icon-ipad@2x.png */ = {isa = PBXFileReference; lastKnownFileType = image.png; path = "icon-ipad@2x.png"; sourceTree = "<group>"; };
		8AEF81A419999D39000B3D90 /* icon-ipad6.png */ = {isa = PBXFileReference; lastKnownFileType = image.png; path = "icon-ipad6.png"; sourceTree = "<group>"; };
		8AEF81A519999D39000B3D90 /* icon-ipad6@2x.png */ = {isa = PBXFileReference; lastKnownFileType = image.png; path = "icon-ipad6@2x.png"; sourceTree = "<group>"; };
		8AEF81A619999D39000B3D90 /* icon-iphone.png */ = {isa = PBXFileReference; lastKnownFileType = image.png; path = "icon-iphone.png"; sourceTree = "<group>"; };
		8AEF81A719999D39000B3D90 /* icon-iphone6.png */ = {isa = PBXFileReference; lastKnownFileType = image.png; path = "icon-iphone6.png"; sourceTree = "<group>"; };
		8AEF81A819999D39000B3D90 /* icon-iphone6@2x.png */ = {isa = PBXFileReference; lastKnownFileType = image.png; path = "icon-iphone6@2x.png"; sourceTree = "<group>"; };
		8AEF81B01999A194000B3D90 /* icon1024.png */ = {isa = PBXFileReference; lastKnownFileType = image.png; path = icon1024.png; sourceTree = "<group>"; };
		8AEFC27A1A2C747700BAACE0 /* Scripture.swift */ = {isa = PBXFileReference; fileEncoding = 4; lastKnownFileType = sourcecode.swift; path = Scripture.swift; sourceTree = "<group>"; };
		8AEFC27C1A2C8DF800BAACE0 /* Db.swift */ = {isa = PBXFileReference; fileEncoding = 4; lastKnownFileType = sourcecode.swift; path = Db.swift; sourceTree = "<group>"; };
		8AF163921B1418880093CC77 /* saints_06.sqlite */ = {isa = PBXFileReference; lastKnownFileType = file; path = saints_06.sqlite; sourceTree = "<group>"; };
		8AF163931B1418880093CC77 /* saints_06.txt */ = {isa = PBXFileReference; fileEncoding = 4; lastKnownFileType = text; path = saints_06.txt; sourceTree = "<group>"; };
		8AF2496C1AFF27E0000070C0 /* vigil.pdf */ = {isa = PBXFileReference; lastKnownFileType = image.pdf; path = vigil.pdf; sourceTree = "<group>"; };
		8AF249741AFF308B000070C0 /* doxology.pdf */ = {isa = PBXFileReference; lastKnownFileType = image.pdf; path = doxology.pdf; sourceTree = "<group>"; };
		8AF249751AFF308B000070C0 /* great.pdf */ = {isa = PBXFileReference; lastKnownFileType = image.pdf; path = great.pdf; sourceTree = "<group>"; };
		8AF249761AFF308B000070C0 /* nosign.pdf */ = {isa = PBXFileReference; lastKnownFileType = image.pdf; path = nosign.pdf; sourceTree = "<group>"; };
		8AF249771AFF308B000070C0 /* polyeleos.pdf */ = {isa = PBXFileReference; lastKnownFileType = image.pdf; path = polyeleos.pdf; sourceTree = "<group>"; };
		8AF249781AFF308B000070C0 /* sixverse.pdf */ = {isa = PBXFileReference; lastKnownFileType = image.pdf; path = sixverse.pdf; sourceTree = "<group>"; };
		8AF249831AFF4C64000070C0 /* libsqlite3.dylib */ = {isa = PBXFileReference; lastKnownFileType = "compiled.mach-o.dylib"; name = libsqlite3.dylib; path = usr/lib/libsqlite3.dylib; sourceTree = SDKROOT; };
		8AFAA3961B12E57B001699D6 /* saints_05.sqlite */ = {isa = PBXFileReference; lastKnownFileType = file; path = saints_05.sqlite; sourceTree = "<group>"; };
		8AFAA3981B12E90B001699D6 /* saints_05.txt */ = {isa = PBXFileReference; fileEncoding = 4; lastKnownFileType = text; path = saints_05.txt; sourceTree = "<group>"; };
		8AFB8DE91B1FDC12006715A3 /* saints_03.sqlite */ = {isa = PBXFileReference; lastKnownFileType = file; path = saints_03.sqlite; sourceTree = "<group>"; };
		8AFB8DEA1B1FDC12006715A3 /* saints_03.txt */ = {isa = PBXFileReference; fileEncoding = 4; lastKnownFileType = text; path = saints_03.txt; sourceTree = "<group>"; };
		FB949D5EE4022DBBF8C2E216 /* libPods.a */ = {isa = PBXFileReference; explicitFileType = archive.ar; includeInIndex = 0; path = libPods.a; sourceTree = BUILT_PRODUCTS_DIR; };
/* End PBXFileReference section */

/* Begin PBXFrameworksBuildPhase section */
		8A74D7F4198F20CC0078F39F /* Frameworks */ = {
			isa = PBXFrameworksBuildPhase;
			buildActionMask = 2147483647;
			files = (
				8AF249841AFF4C64000070C0 /* libsqlite3.dylib in Frameworks */,
				8A74D7FD198F20CC0078F39F /* CoreGraphics.framework in Frameworks */,
				8A74D7FF198F20CC0078F39F /* UIKit.framework in Frameworks */,
				8A74D7FB198F20CC0078F39F /* Foundation.framework in Frameworks */,
				11D18E423D5F8676724AC564 /* libPods.a in Frameworks */,
			);
			runOnlyForDeploymentPostprocessing = 0;
		};
/* End PBXFrameworksBuildPhase section */

/* Begin PBXGroup section */
		25E93E93270EA3DD693061FB /* Pods */ = {
			isa = PBXGroup;
			children = (
				8799EEEA8D5859351A428ACC /* Pods.debug.xcconfig */,
				5A62731A9EACCC95CE394485 /* Pods.release.xcconfig */,
			);
			name = Pods;
			sourceTree = "<group>";
		};
		8A46EA261B01867F001F1E59 /* Squeal */ = {
			isa = PBXGroup;
			children = (
				8A46EA2E1B01873B001F1E59 /* Bindable.swift */,
				8A46EA2F1B01873B001F1E59 /* Database.swift */,
				8A46EA301B01873B001F1E59 /* DatabasePool.swift */,
				8A46EA311B01873B001F1E59 /* DeleteHelpers.swift */,
				8A46EA321B01873B001F1E59 /* Errors.swift */,
				8A46EA331B01873B001F1E59 /* InsertHelpers.swift */,
				8A46EA341B01873B001F1E59 /* SchemaHelpers.swift */,
				8A46EA351B01873B001F1E59 /* SelectHelpers.swift */,
				8A46EA361B01873B001F1E59 /* Statement.swift */,
				8A46EA371B01873B001F1E59 /* TransactionHelpers.swift */,
				8A46EA381B01873B001F1E59 /* UpdateHelpers.swift */,
			);
			path = Squeal;
			sourceTree = "<group>";
		};
		8A74D7EE198F20CC0078F39F = {
			isa = PBXGroup;
			children = (
				8A74D800198F20CC0078F39F /* prayerbook */,
				8A74D7F9198F20CC0078F39F /* Frameworks */,
				8A74D7F8198F20CC0078F39F /* Products */,
				25E93E93270EA3DD693061FB /* Pods */,
			);
			sourceTree = "<group>";
		};
		8A74D7F8198F20CC0078F39F /* Products */ = {
			isa = PBXGroup;
			children = (
				8A74D7F7198F20CC0078F39F /* prayerbook.app */,
			);
			name = Products;
			sourceTree = "<group>";
		};
		8A74D7F9198F20CC0078F39F /* Frameworks */ = {
			isa = PBXGroup;
			children = (
				8AF249831AFF4C64000070C0 /* libsqlite3.dylib */,
				8A74D7FA198F20CC0078F39F /* Foundation.framework */,
				8A74D7FC198F20CC0078F39F /* CoreGraphics.framework */,
				8A74D7FE198F20CC0078F39F /* UIKit.framework */,
				FB949D5EE4022DBBF8C2E216 /* libPods.a */,
			);
			name = Frameworks;
			sourceTree = "<group>";
		};
		8A74D800198F20CC0078F39F /* prayerbook */ = {
			isa = PBXGroup;
			children = (
				8A46EA261B01867F001F1E59 /* Squeal */,
				8ADFF51E1B0F1D02001AE6A9 /* saints */,
				8AAC691A1A2C4D5D00CC5CA1 /* scripture */,
				8A74D857199076EF0078F39F /* html */,
				8A74D844198F624C0078F39F /* images */,
				8A74D832198F224E0078F39F /* Main.storyboard */,
				8A74D815198F20CC0078F39F /* Images.xcassets */,
				8A2F46A619E12B4100076AF4 /* AppDelegate.swift */,
				8ACEF0FA1A2EDF5100AF98E0 /* Extensions.swift */,
				8AE5DEF719E7A80B0069C757 /* ChurchCalendar.swift */,
				8AC4558E1A0A2B3F0070FAF7 /* ChurchCalendar.plist */,
				8ACEF0FC1A2EE40800AF98E0 /* DailyReading.swift */,
				8ADD7D751A56798A00BA9F37 /* ReadingApostle.plist */,
				8ADD7D7A1A56856500BA9F37 /* ReadingJohn.plist */,
				8ADD7D7C1A56863D00BA9F37 /* ReadingMatthew.plist */,
				8ADD7D7E1A56875400BA9F37 /* ReadingLuke.plist */,
				8ADD7D801A568C0A00BA9F37 /* ReadingLent.plist */,
				8A2F46A819E1302700076AF4 /* Translate.swift */,
				8AE821F81AC55D8D000460C1 /* RWLabel.swift */,
				8A59A77C1AD23EEF00F92017 /* ConfigurableCell.swift */,
				8AE821FA1AC560FE000460C1 /* TextCell.swift */,
				8A59A7771AD2318C00F92017 /* TextDetailsCell.swift */,
				8AAE4D821AC8E332009421AF /* ImageCell.swift */,
				8AEFC27C1A2C8DF800BAACE0 /* Db.swift */,
				8A2F46A419E11CEA00076AF4 /* Prayer.swift */,
				8AE821F31AC54F8E000460C1 /* DailyTab.swift */,
				8AC4E14F19DE2BF800CF4271 /* PrayersTab.swift */,
				8AE685E81A2559F00029A149 /* Library.swift */,
				8AEFC27A1A2C747700BAACE0 /* Scripture.swift */,
				8A2F46AA19E145D200076AF4 /* Options.swift */,
				8A3CD13719E5233100A78A32 /* CalendarViewController.swift */,
				8AC205FE19E63ED8006FC8EA /* FastingViewController.swift */,
				8AC205FF19E63ED8006FC8EA /* FastingViewController.xib */,
				8A2F46AC19E1516800076AF4 /* prayerbook-Bridging-Header.h */,
				8A74D837198F2AF70078F39F /* index_en.plist */,
				8A74D83E198F5F350078F39F /* index_cn.plist */,
				8AC1B114199871DE00A017C7 /* trans_cn.plist */,
				8A3CD13119E51D0400A78A32 /* RDVCalendarDayCell.h */,
				8A3CD13219E51D0400A78A32 /* RDVCalendarDayCell.m */,
				8A3CD13319E51D0400A78A32 /* RDVCalendarView.h */,
				8A3CD13419E51D0400A78A32 /* RDVCalendarView.m */,
				8A74D801198F20CC0078F39F /* Supporting Files */,
			);
			path = prayerbook;
			sourceTree = "<group>";
		};
		8A74D801198F20CC0078F39F /* Supporting Files */ = {
			isa = PBXGroup;
			children = (
				8A74D802198F20CC0078F39F /* prayerbook-Info.plist */,
				8A74D803198F20CC0078F39F /* InfoPlist.strings */,
				8A74D806198F20CC0078F39F /* main.m */,
				8A74D808198F20CC0078F39F /* prayerbook-Prefix.pch */,
			);
			name = "Supporting Files";
			sourceTree = "<group>";
		};
		8A74D844198F624C0078F39F /* images */ = {
			isa = PBXGroup;
			children = (
				8AF249741AFF308B000070C0 /* doxology.pdf */,
				8AF249751AFF308B000070C0 /* great.pdf */,
				8AF249761AFF308B000070C0 /* nosign.pdf */,
				8AF249771AFF308B000070C0 /* polyeleos.pdf */,
				8AF249781AFF308B000070C0 /* sixverse.pdf */,
				8AF2496C1AFF27E0000070C0 /* vigil.pdf */,
				8AC7B89619E4D1DE00B51294 /* calendar.pdf */,
				8AC7B89219E4CECB00B51294 /* arrow-left.pdf */,
				8AC7B89319E4CECB00B51294 /* arrow-right.pdf */,
				8AC6952819E4034D00773FEB /* options.pdf */,
				8AC6952019E4011700773FEB /* communion.pdf */,
				8AC6952119E4011700773FEB /* daily.pdf */,
				8AC6952219E4011700773FEB /* group.pdf */,
				8AC6952319E4011700773FEB /* library.pdf */,
				8A41936119E6921600D570A9 /* food-egg.pdf */,
				8A41936219E6921600D570A9 /* food-milk.pdf */,
				8AC6950C19E3FBC200773FEB /* food-bread.pdf */,
				8AC6950D19E3FBC200773FEB /* food-cheese.pdf */,
				8AC6950E19E3FBC200773FEB /* food-cupcake.pdf */,
				8AC6950F19E3FBC200773FEB /* food-fish.pdf */,
				8AC6951019E3FBC200773FEB /* food-meat.pdf */,
				8A41935F19E68D9900D570A9 /* food-no-cupcake.pdf */,
				8AC6951119E3FBC200773FEB /* food-no-egg.pdf */,
				8AC6951219E3FBC200773FEB /* food-no-fish.pdf */,
				8AC6951319E3FBC200773FEB /* food-no-meat.pdf */,
				8AC6951419E3FBC200773FEB /* food-no-milk.pdf */,
				8AC6951519E3FBC200773FEB /* food-nuts.pdf */,
				8AC6950A19E3EDED00773FEB /* food-vegetables.pdf */,
				8AEF81B01999A194000B3D90 /* icon1024.png */,
				8AEF81A219999D39000B3D90 /* icon-ipad.png */,
				8AEF81A319999D39000B3D90 /* icon-ipad@2x.png */,
				8AEF81A419999D39000B3D90 /* icon-ipad6.png */,
				8AEF81A519999D39000B3D90 /* icon-ipad6@2x.png */,
				8AEF81A619999D39000B3D90 /* icon-iphone.png */,
				8AEF81A719999D39000B3D90 /* icon-iphone6.png */,
				8AEF81A819999D39000B3D90 /* icon-iphone6@2x.png */,
				8AC1B106199866FF00A017C7 /* launch-ipad.png */,
				8AC1B107199866FF00A017C7 /* launch-ipad@2x.png */,
				8AC1B108199866FF00A017C7 /* launch-iphone@2x.png */,
				8AC1B109199866FF00A017C7 /* launch-iphone4.png */,
				8AC1B10A199866FF00A017C7 /* launch-iphone4@2x.png */,
				8AC1B10B199866FF00A017C7 /* launch-landscape.png */,
				8AC1B10C199866FF00A017C7 /* launch-landscape@2x.png */,
				8A74D848198F691A0078F39F /* CN.png */,
				8A74D849198F691A0078F39F /* CN@2x.png */,
				8A74D84A198F691A0078F39F /* US.png */,
				8A74D84B198F691A0078F39F /* US@2x.png */,
			);
			path = images;
			sourceTree = "<group>";
		};
		8A74D857199076EF0078F39F /* html */ = {
			isa = PBXGroup;
			children = (
				8A2F469A19E110CF00076AF4 /* prayer_group_0_cn.html */,
				8A2F469B19E110CF00076AF4 /* prayer_group_0_en.html */,
				8A2F469C19E110CF00076AF4 /* prayer_group_1_cn.html */,
				8A2F469D19E110CF00076AF4 /* prayer_group_1_en.html */,
				8A9A3DD919D3AE2800A7D82A /* prayer_group_2_cn.html */,
				8A9A3DDA19D3AE2800A7D82A /* prayer_group_2_en.html */,
				8A9A3DDB19D3AE2800A7D82A /* prayer_group_3_cn.html */,
				8A9A3DDC19D3AE2800A7D82A /* prayer_group_3_en.html */,
				8A9A3DDD19D3AE2800A7D82A /* prayer_group_4_cn.html */,
				8A9A3DDE19D3AE2800A7D82A /* prayer_group_4_en.html */,
				8A9A3DD119D3AE1600A7D82A /* prayer_communion_4_cn.html */,
				8A9A3DD219D3AE1600A7D82A /* prayer_communion_4_en.html */,
				8A9A3DD319D3AE1600A7D82A /* prayer_communion_5_cn.html */,
				8A9A3DD419D3AE1600A7D82A /* prayer_communion_5_en.html */,
				8A81856719D2E3F300D4B328 /* prayer_communion_0_cn.html */,
				8A81856819D2E3F300D4B328 /* prayer_communion_0_en.html */,
				8A81856919D2E3F300D4B328 /* prayer_communion_1_cn.html */,
				8A81856A19D2E3F300D4B328 /* prayer_communion_1_en.html */,
				8A81856B19D2E3F300D4B328 /* prayer_communion_2_cn.html */,
				8A81856C19D2E3F300D4B328 /* prayer_communion_2_en.html */,
				8A81856D19D2E3F300D4B328 /* prayer_communion_3_cn.html */,
				8A81856E19D2E3F300D4B328 /* prayer_communion_3_en.html */,
				8A81857119D2E3F300D4B328 /* prayer_daily_0_cn.html */,
				8A81857219D2E3F300D4B328 /* prayer_daily_0_en.html */,
				8A81857319D2E3F300D4B328 /* prayer_daily_1_cn.html */,
				8A81857419D2E3F300D4B328 /* prayer_daily_1_en.html */,
				8A81857519D2E3F300D4B328 /* prayer_daily_2_cn.html */,
				8A81857619D2E3F300D4B328 /* prayer_daily_2_en.html */,
			);
			path = html;
			sourceTree = "<group>";
		};
		8AAC691A1A2C4D5D00CC5CA1 /* scripture */ = {
			isa = PBXGroup;
			children = (
				8ADD7D821A56A5C200BA9F37 /* gen.sqlite */,
				8ADD7D831A56A5C200BA9F37 /* isa.sqlite */,
				8ADD7D841A56A5C200BA9F37 /* prov.sqlite */,
				8A3A21261A46C14D0052861D /* philem.sqlite */,
				8A3A21271A46C14D0052861D /* rev.sqlite */,
				8A3A20FB1A46C0150052861D /* 1cor.sqlite */,
				8A3A20FC1A46C0150052861D /* 1john.sqlite */,
				8A3A20FD1A46C0150052861D /* 1pet.sqlite */,
				8A3A20FE1A46C0150052861D /* 1thess.sqlite */,
				8A3A20FF1A46C0150052861D /* 1tim.sqlite */,
				8A3A21001A46C0150052861D /* 2cor.sqlite */,
				8A3A21011A46C0150052861D /* 2john.sqlite */,
				8A3A21021A46C0150052861D /* 2pet.sqlite */,
				8A3A21031A46C0150052861D /* 2thess.sqlite */,
				8A3A21041A46C0150052861D /* 2tim.sqlite */,
				8A3A21051A46C0150052861D /* 3john.sqlite */,
				8A3A21061A46C0150052861D /* col.sqlite */,
				8A3A21071A46C0150052861D /* ephes.sqlite */,
				8A3A21081A46C0150052861D /* gal.sqlite */,
				8A3A21091A46C0150052861D /* heb.sqlite */,
				8A3A210A1A46C0150052861D /* james.sqlite */,
				8A3A210B1A46C0150052861D /* jude.sqlite */,
				8A3A210C1A46C0150052861D /* phil.sqlite */,
				8A3A210D1A46C0150052861D /* rom.sqlite */,
				8A3A210E1A46C0150052861D /* tit.sqlite */,
				8A8810E21A300DE40095C081 /* acts.sqlite */,
				8A8810E31A300DE40095C081 /* john.sqlite */,
				8A8810E41A300DE40095C081 /* luke.sqlite */,
				8A8810E51A300DE40095C081 /* mark.sqlite */,
				8A8810E61A300DE40095C081 /* matthew.sqlite */,
			);
			path = scripture;
			sourceTree = "<group>";
		};
		8ADFF51E1B0F1D02001AE6A9 /* saints */ = {
			isa = PBXGroup;
			children = (
				8AFB8DE91B1FDC12006715A3 /* saints_03.sqlite */,
				8AFB8DEA1B1FDC12006715A3 /* saints_03.txt */,
				8A0EDB101B1E8E29008E48CB /* saints_02.sqlite */,
				8A0EDB111B1E8E29008E48CB /* saints_02.txt */,
				8A181E0C1B1D3C9A00D8C2FB /* saints_01.sqlite */,
				8A181E0D1B1D3C9A00D8C2FB /* saints_01.txt */,
				8A06E66D1B187FC300925F63 /* saints_12.sqlite */,
				8A06E66E1B187FC300925F63 /* saints_12.txt */,
				8AA3DF5C1B185AE800507129 /* saints_11.sqlite */,
				8AA3DF5D1B185AE800507129 /* saints_11.txt */,
				8AA3DF541B18594F00507129 /* saints_10.sqlite */,
				8AA3DF551B18594F00507129 /* saints_10.txt */,
				8AA3DF4C1B1847D700507129 /* saints_08.sqlite */,
				8AA3DF4D1B1847D700507129 /* saints_08.txt */,
				8AA3DF4E1B1847D700507129 /* saints_09.sqlite */,
				8AA3DF4F1B1847D700507129 /* saints_09.txt */,
				8A59F34B1B14371800B15FA1 /* saints_07.sqlite */,
				8A59F34C1B14371800B15FA1 /* saints_07.txt */,
				8AF163921B1418880093CC77 /* saints_06.sqlite */,
				8AF163931B1418880093CC77 /* saints_06.txt */,
				8AFAA3981B12E90B001699D6 /* saints_05.txt */,
				8AFAA3961B12E57B001699D6 /* saints_05.sqlite */,
			);
			path = saints;
			sourceTree = "<group>";
		};
/* End PBXGroup section */

/* Begin PBXNativeTarget section */
		8A74D7F6198F20CC0078F39F /* prayerbook */ = {
			isa = PBXNativeTarget;
			buildConfigurationList = 8A74D82C198F20CC0078F39F /* Build configuration list for PBXNativeTarget "prayerbook" */;
			buildPhases = (
				D38BA3FCE733F88380D63661 /* Check Pods Manifest.lock */,
				8A74D7F3198F20CC0078F39F /* Sources */,
				8A74D7F4198F20CC0078F39F /* Frameworks */,
				8A74D7F5198F20CC0078F39F /* Resources */,
				AC7CA402C5C6E3D32ACF0F87 /* Copy Pods Resources */,
			);
			buildRules = (
			);
			dependencies = (
			);
			name = prayerbook;
			productName = prayerbook;
			productReference = 8A74D7F7198F20CC0078F39F /* prayerbook.app */;
			productType = "com.apple.product-type.application";
		};
/* End PBXNativeTarget section */

/* Begin PBXProject section */
		8A74D7EF198F20CC0078F39F /* Project object */ = {
			isa = PBXProject;
			attributes = {
				CLASSPREFIX = Prayerbook;
				LastUpgradeCheck = 0510;
				ORGANIZATIONNAME = "Alexey Smirnov";
				TargetAttributes = {
					8A74D7F6198F20CC0078F39F = {
						DevelopmentTeam = 3NQ697ND22;
					};
				};
			};
			buildConfigurationList = 8A74D7F2198F20CC0078F39F /* Build configuration list for PBXProject "prayerbook" */;
			compatibilityVersion = "Xcode 3.2";
			developmentRegion = English;
			hasScannedForEncodings = 0;
			knownRegions = (
				en,
				Base,
				"zh-Hans",
				"zh-Hant",
			);
			mainGroup = 8A74D7EE198F20CC0078F39F;
			productRefGroup = 8A74D7F8198F20CC0078F39F /* Products */;
			projectDirPath = "";
			projectRoot = "";
			targets = (
				8A74D7F6198F20CC0078F39F /* prayerbook */,
			);
		};
/* End PBXProject section */

/* Begin PBXResourcesBuildPhase section */
		8A74D7F5198F20CC0078F39F /* Resources */ = {
			isa = PBXResourcesBuildPhase;
			buildActionMask = 2147483647;
			files = (
				8A3A211E1A46C0150052861D /* james.sqlite in Resources */,
				8A81858119D2E3F300D4B328 /* prayer_communion_1_cn.html in Resources */,
				8AA3DF5F1B185AE800507129 /* saints_11.txt in Resources */,
				8AC1B113199866FF00A017C7 /* launch-landscape@2x.png in Resources */,
				8A8810EB1A300DE40095C081 /* matthew.sqlite in Resources */,
				8A74D833198F224E0078F39F /* Main.storyboard in Resources */,
				8A3A211F1A46C0150052861D /* jude.sqlite in Resources */,
				8AC6951619E3FBC200773FEB /* food-bread.pdf in Resources */,
				8A59F34E1B14371800B15FA1 /* saints_07.txt in Resources */,
				8A81858E19D2E3F300D4B328 /* prayer_daily_2_en.html in Resources */,
				8A81857F19D2E3F300D4B328 /* prayer_communion_0_cn.html in Resources */,
				8AC1B115199871DE00A017C7 /* trans_cn.plist in Resources */,
				8A3A21171A46C0150052861D /* 2thess.sqlite in Resources */,
				8A181E0F1B1D3C9A00D8C2FB /* saints_01.txt in Resources */,
				8A3A21211A46C0150052861D /* rom.sqlite in Resources */,
				8A3A21131A46C0150052861D /* 1tim.sqlite in Resources */,
				8A3A21141A46C0150052861D /* 2cor.sqlite in Resources */,
				8A41936419E6921600D570A9 /* food-milk.pdf in Resources */,
				8A9A3DD519D3AE1600A7D82A /* prayer_communion_4_cn.html in Resources */,
				8A3A21191A46C0150052861D /* 3john.sqlite in Resources */,
				8AFAA3991B12E90B001699D6 /* saints_05.txt in Resources */,
				8AEF81AF19999D39000B3D90 /* icon-iphone6@2x.png in Resources */,
				8AEF81AC19999D39000B3D90 /* icon-ipad6@2x.png in Resources */,
				8AC1B10E199866FF00A017C7 /* launch-ipad@2x.png in Resources */,
				8A9A3DE119D3AE2800A7D82A /* prayer_group_3_cn.html in Resources */,
				8A9A3DDF19D3AE2800A7D82A /* prayer_group_2_cn.html in Resources */,
				8AEF81A919999D39000B3D90 /* icon-ipad.png in Resources */,
				8AC6951B19E3FBC200773FEB /* food-no-egg.pdf in Resources */,
				8AEF81AB19999D39000B3D90 /* icon-ipad6.png in Resources */,
				8AFB8DEB1B1FDC12006715A3 /* saints_03.sqlite in Resources */,
				8AF2497D1AFF308B000070C0 /* sixverse.pdf in Resources */,
				8AF249791AFF308B000070C0 /* doxology.pdf in Resources */,
				8AFAA3971B12E57B001699D6 /* saints_05.sqlite in Resources */,
				8AF2496D1AFF27E0000070C0 /* vigil.pdf in Resources */,
				8A41936019E68D9900D570A9 /* food-no-cupcake.pdf in Resources */,
				8A2F46A119E110CF00076AF4 /* prayer_group_1_en.html in Resources */,
				8A41936319E6921600D570A9 /* food-egg.pdf in Resources */,
				8A9A3DE219D3AE2800A7D82A /* prayer_group_3_en.html in Resources */,
				8A8810EA1A300DE40095C081 /* mark.sqlite in Resources */,
				8A59F34D1B14371800B15FA1 /* saints_07.sqlite in Resources */,
				8AF2497B1AFF308B000070C0 /* nosign.pdf in Resources */,
				8A74D83F198F5F350078F39F /* index_cn.plist in Resources */,
				8A3A21101A46C0150052861D /* 1john.sqlite in Resources */,
				8A9A3DE419D3AE2800A7D82A /* prayer_group_4_en.html in Resources */,
				8A3A211C1A46C0150052861D /* gal.sqlite in Resources */,
				8ADD7D7B1A56856500BA9F37 /* ReadingJohn.plist in Resources */,
				8A74D84C198F691A0078F39F /* CN.png in Resources */,
				8AC6951A19E3FBC200773FEB /* food-meat.pdf in Resources */,
				8A3A210F1A46C0150052861D /* 1cor.sqlite in Resources */,
				8A3A21111A46C0150052861D /* 1pet.sqlite in Resources */,
				8AC4558F1A0A2B3F0070FAF7 /* ChurchCalendar.plist in Resources */,
				8A9A3DE319D3AE2800A7D82A /* prayer_group_4_cn.html in Resources */,
				8A74D84F198F691A0078F39F /* US@2x.png in Resources */,
				8AC6951919E3FBC200773FEB /* food-fish.pdf in Resources */,
				8AA3DF5E1B185AE800507129 /* saints_11.sqlite in Resources */,
				8A81858019D2E3F300D4B328 /* prayer_communion_0_en.html in Resources */,
				8A3A21221A46C0150052861D /* tit.sqlite in Resources */,
				8AC2060119E63ED8006FC8EA /* FastingViewController.xib in Resources */,
				8AC1B10D199866FF00A017C7 /* launch-ipad.png in Resources */,
				8AEF81AD19999D39000B3D90 /* icon-iphone.png in Resources */,
				8AA3DF511B1847D700507129 /* saints_08.txt in Resources */,
				8A3A21281A46C14D0052861D /* philem.sqlite in Resources */,
				8A81858A19D2E3F300D4B328 /* prayer_daily_0_en.html in Resources */,
				8A3A21151A46C0150052861D /* 2john.sqlite in Resources */,
				8A74D816198F20CC0078F39F /* Images.xcassets in Resources */,
				8AF163951B1418880093CC77 /* saints_06.txt in Resources */,
				8A81858D19D2E3F300D4B328 /* prayer_daily_2_cn.html in Resources */,
				8AC6951E19E3FBC200773FEB /* food-no-milk.pdf in Resources */,
				8ADD7D7D1A56863D00BA9F37 /* ReadingMatthew.plist in Resources */,
				8ADD7D861A56A5C200BA9F37 /* isa.sqlite in Resources */,
				8AEF81B11999A194000B3D90 /* icon1024.png in Resources */,
				8AF163941B1418880093CC77 /* saints_06.sqlite in Resources */,
				8A3A21121A46C0150052861D /* 1thess.sqlite in Resources */,
				8AEF81AA19999D39000B3D90 /* icon-ipad@2x.png in Resources */,
				8A81858C19D2E3F300D4B328 /* prayer_daily_1_en.html in Resources */,
				8A9A3DE019D3AE2800A7D82A /* prayer_group_2_en.html in Resources */,
				8AC6952919E4034D00773FEB /* options.pdf in Resources */,
				8A74D84E198F691A0078F39F /* US.png in Resources */,
				8A3A211A1A46C0150052861D /* col.sqlite in Resources */,
				8A81858919D2E3F300D4B328 /* prayer_daily_0_cn.html in Resources */,
				8A8810E91A300DE40095C081 /* luke.sqlite in Resources */,
				8ADD7D871A56A5C200BA9F37 /* prov.sqlite in Resources */,
				8A8810E71A300DE40095C081 /* acts.sqlite in Resources */,
				8A81858319D2E3F300D4B328 /* prayer_communion_2_cn.html in Resources */,
				8A74D84D198F691A0078F39F /* CN@2x.png in Resources */,
				8AC6952419E4011700773FEB /* communion.pdf in Resources */,
				8A74D838198F2AF70078F39F /* index_en.plist in Resources */,
				8AC6952619E4011700773FEB /* group.pdf in Resources */,
				8AC1B111199866FF00A017C7 /* launch-iphone4@2x.png in Resources */,
				8ADD7D851A56A5C200BA9F37 /* gen.sqlite in Resources */,
				8A81858219D2E3F300D4B328 /* prayer_communion_1_en.html in Resources */,
				8A3A21181A46C0150052861D /* 2tim.sqlite in Resources */,
				8A06E66F1B187FC300925F63 /* saints_12.sqlite in Resources */,
				8A0EDB131B1E8E29008E48CB /* saints_02.txt in Resources */,
				8A06E6701B187FC300925F63 /* saints_12.txt in Resources */,
				8AC1B10F199866FF00A017C7 /* launch-iphone@2x.png in Resources */,
				8AF2497C1AFF308B000070C0 /* polyeleos.pdf in Resources */,
				8AC6950B19E3EDED00773FEB /* food-vegetables.pdf in Resources */,
				8AC6952719E4011700773FEB /* library.pdf in Resources */,
				8AA3DF521B1847D700507129 /* saints_09.sqlite in Resources */,
				8A9A3DD619D3AE1600A7D82A /* prayer_communion_4_en.html in Resources */,
				8ADD7D7F1A56875400BA9F37 /* ReadingLuke.plist in Resources */,
				8A3A211B1A46C0150052861D /* ephes.sqlite in Resources */,
				8A2F469E19E110CF00076AF4 /* prayer_group_0_cn.html in Resources */,
				8AA3DF591B18594F00507129 /* saints_10.txt in Resources */,
				8AC7B89519E4CECB00B51294 /* arrow-right.pdf in Resources */,
				8A3A21291A46C14D0052861D /* rev.sqlite in Resources */,
				8A81858519D2E3F300D4B328 /* prayer_communion_3_cn.html in Resources */,
				8A81858619D2E3F300D4B328 /* prayer_communion_3_en.html in Resources */,
				8A0EDB121B1E8E29008E48CB /* saints_02.sqlite in Resources */,
				8AC6951819E3FBC200773FEB /* food-cupcake.pdf in Resources */,
				8A2F46A019E110CF00076AF4 /* prayer_group_1_cn.html in Resources */,
				8AC1B112199866FF00A017C7 /* launch-landscape.png in Resources */,
				8ADD7D761A56798A00BA9F37 /* ReadingApostle.plist in Resources */,
				8A9A3DD819D3AE1600A7D82A /* prayer_communion_5_en.html in Resources */,
				8AC6951D19E3FBC200773FEB /* food-no-meat.pdf in Resources */,
				8A3A211D1A46C0150052861D /* heb.sqlite in Resources */,
				8A181E0E1B1D3C9A00D8C2FB /* saints_01.sqlite in Resources */,
				8A81858419D2E3F300D4B328 /* prayer_communion_2_en.html in Resources */,
				8AC6951C19E3FBC200773FEB /* food-no-fish.pdf in Resources */,
				8A81858B19D2E3F300D4B328 /* prayer_daily_1_cn.html in Resources */,
				8A9A3DD719D3AE1600A7D82A /* prayer_communion_5_cn.html in Resources */,
				8AA3DF501B1847D700507129 /* saints_08.sqlite in Resources */,
				8AC6951F19E3FBC200773FEB /* food-nuts.pdf in Resources */,
				8AC6952519E4011700773FEB /* daily.pdf in Resources */,
				8AC6951719E3FBC200773FEB /* food-cheese.pdf in Resources */,
				8A2F469F19E110CF00076AF4 /* prayer_group_0_en.html in Resources */,
				8AA3DF531B1847D700507129 /* saints_09.txt in Resources */,
				8A3A21201A46C0150052861D /* phil.sqlite in Resources */,
				8AC7B89719E4D1DE00B51294 /* calendar.pdf in Resources */,
				8ADD7D811A568C0A00BA9F37 /* ReadingLent.plist in Resources */,
				8AFB8DEC1B1FDC12006715A3 /* saints_03.txt in Resources */,
				8AEF81AE19999D39000B3D90 /* icon-iphone6.png in Resources */,
				8A8810E81A300DE40095C081 /* john.sqlite in Resources */,
				8A3A21161A46C0150052861D /* 2pet.sqlite in Resources */,
				8AC7B89419E4CECB00B51294 /* arrow-left.pdf in Resources */,
				8AF2497A1AFF308B000070C0 /* great.pdf in Resources */,
				8A74D805198F20CC0078F39F /* InfoPlist.strings in Resources */,
				8AC1B110199866FF00A017C7 /* launch-iphone4.png in Resources */,
				8AA3DF581B18594F00507129 /* saints_10.sqlite in Resources */,
			);
			runOnlyForDeploymentPostprocessing = 0;
		};
/* End PBXResourcesBuildPhase section */

/* Begin PBXShellScriptBuildPhase section */
		AC7CA402C5C6E3D32ACF0F87 /* Copy Pods Resources */ = {
			isa = PBXShellScriptBuildPhase;
			buildActionMask = 2147483647;
			files = (
			);
			inputPaths = (
			);
			name = "Copy Pods Resources";
			outputPaths = (
			);
			runOnlyForDeploymentPostprocessing = 0;
			shellPath = /bin/sh;
			shellScript = "\"${SRCROOT}/Pods/Target Support Files/Pods/Pods-resources.sh\"\n";
			showEnvVarsInLog = 0;
		};
		D38BA3FCE733F88380D63661 /* Check Pods Manifest.lock */ = {
			isa = PBXShellScriptBuildPhase;
			buildActionMask = 2147483647;
			files = (
			);
			inputPaths = (
			);
			name = "Check Pods Manifest.lock";
			outputPaths = (
			);
			runOnlyForDeploymentPostprocessing = 0;
			shellPath = /bin/sh;
			shellScript = "diff \"${PODS_ROOT}/../Podfile.lock\" \"${PODS_ROOT}/Manifest.lock\" > /dev/null\nif [[ $? != 0 ]] ; then\n    cat << EOM\nerror: The sandbox is not in sync with the Podfile.lock. Run 'pod install' or update your CocoaPods installation.\nEOM\n    exit 1\nfi\n";
			showEnvVarsInLog = 0;
		};
/* End PBXShellScriptBuildPhase section */

/* Begin PBXSourcesBuildPhase section */
		8A74D7F3198F20CC0078F39F /* Sources */ = {
			isa = PBXSourcesBuildPhase;
			buildActionMask = 2147483647;
			files = (
				8ACEF0FD1A2EE40800AF98E0 /* DailyReading.swift in Sources */,
				8A3CD13819E5233100A78A32 /* CalendarViewController.swift in Sources */,
				8AE685E91A2559F00029A149 /* Library.swift in Sources */,
				8A3CD13619E51D0400A78A32 /* RDVCalendarView.m in Sources */,
				8A46EA431B01873B001F1E59 /* UpdateHelpers.swift in Sources */,
				8AEFC27B1A2C747700BAACE0 /* Scripture.swift in Sources */,
				8A46EA391B01873B001F1E59 /* Bindable.swift in Sources */,
				8A46EA3A1B01873B001F1E59 /* Database.swift in Sources */,
				8A46EA3D1B01873B001F1E59 /* Errors.swift in Sources */,
				8AAE4D831AC8E332009421AF /* ImageCell.swift in Sources */,
				8A46EA3C1B01873B001F1E59 /* DeleteHelpers.swift in Sources */,
				8A2F46A919E1302700076AF4 /* Translate.swift in Sources */,
				8A59A7781AD2318C00F92017 /* TextDetailsCell.swift in Sources */,
				8A46EA421B01873B001F1E59 /* TransactionHelpers.swift in Sources */,
				8AC2060019E63ED8006FC8EA /* FastingViewController.swift in Sources */,
				8A2F46A719E12B4100076AF4 /* AppDelegate.swift in Sources */,
				8A74D807198F20CC0078F39F /* main.m in Sources */,
				8A46EA401B01873B001F1E59 /* SelectHelpers.swift in Sources */,
				8AE821F91AC55D8D000460C1 /* RWLabel.swift in Sources */,
				8A59A77D1AD23EEF00F92017 /* ConfigurableCell.swift in Sources */,
				8AE821FB1AC560FE000460C1 /* TextCell.swift in Sources */,
				8AEFC27D1A2C8DF800BAACE0 /* Db.swift in Sources */,
				8A3CD13519E51D0400A78A32 /* RDVCalendarDayCell.m in Sources */,
				8A2F46AB19E145D200076AF4 /* Options.swift in Sources */,
				8A46EA3B1B01873B001F1E59 /* DatabasePool.swift in Sources */,
				8ACEF0FB1A2EDF5100AF98E0 /* Extensions.swift in Sources */,
				8A46EA411B01873B001F1E59 /* Statement.swift in Sources */,
				8AC4E15019DE2BF800CF4271 /* PrayersTab.swift in Sources */,
				8A2F46A519E11CEA00076AF4 /* Prayer.swift in Sources */,
				8A46EA3F1B01873B001F1E59 /* SchemaHelpers.swift in Sources */,
				8AE5DEF819E7A80B0069C757 /* ChurchCalendar.swift in Sources */,
				8A46EA3E1B01873B001F1E59 /* InsertHelpers.swift in Sources */,
				8AE821F41AC54F8E000460C1 /* DailyTab.swift in Sources */,
			);
			runOnlyForDeploymentPostprocessing = 0;
		};
/* End PBXSourcesBuildPhase section */

/* Begin PBXVariantGroup section */
		8A74D803198F20CC0078F39F /* InfoPlist.strings */ = {
			isa = PBXVariantGroup;
			children = (
				8A74D804198F20CC0078F39F /* en */,
				8A9DB9921998C94200C9B0FF /* zh-Hans */,
				8A9DB9931998CBF500C9B0FF /* zh-Hant */,
			);
			name = InfoPlist.strings;
			sourceTree = "<group>";
		};
/* End PBXVariantGroup section */

/* Begin XCBuildConfiguration section */
		8A74D82A198F20CC0078F39F /* Debug */ = {
			isa = XCBuildConfiguration;
			buildSettings = {
				ALWAYS_SEARCH_USER_PATHS = NO;
				CLANG_CXX_LANGUAGE_STANDARD = "gnu++0x";
				CLANG_CXX_LIBRARY = "libc++";
				CLANG_ENABLE_MODULES = YES;
				CLANG_ENABLE_OBJC_ARC = YES;
				CLANG_WARN_BOOL_CONVERSION = YES;
				CLANG_WARN_CONSTANT_CONVERSION = YES;
				CLANG_WARN_DIRECT_OBJC_ISA_USAGE = YES_ERROR;
				CLANG_WARN_EMPTY_BODY = YES;
				CLANG_WARN_ENUM_CONVERSION = YES;
				CLANG_WARN_INT_CONVERSION = YES;
				CLANG_WARN_OBJC_ROOT_CLASS = YES_ERROR;
				CLANG_WARN__DUPLICATE_METHOD_MATCH = YES;
				"CODE_SIGN_IDENTITY[sdk=iphoneos*]" = "iPhone Developer";
				COPY_PHASE_STRIP = NO;
				GCC_C_LANGUAGE_STANDARD = gnu99;
				GCC_DYNAMIC_NO_PIC = NO;
				GCC_OPTIMIZATION_LEVEL = 0;
				GCC_PREPROCESSOR_DEFINITIONS = (
					"DEBUG=1",
					"$(inherited)",
				);
				GCC_SYMBOLS_PRIVATE_EXTERN = NO;
				GCC_WARN_64_TO_32_BIT_CONVERSION = YES;
				GCC_WARN_ABOUT_RETURN_TYPE = YES_ERROR;
				GCC_WARN_UNDECLARED_SELECTOR = YES;
				GCC_WARN_UNINITIALIZED_AUTOS = YES_AGGRESSIVE;
				GCC_WARN_UNUSED_FUNCTION = YES;
				GCC_WARN_UNUSED_VARIABLE = YES;
				IPHONEOS_DEPLOYMENT_TARGET = 8.0;
				ONLY_ACTIVE_ARCH = YES;
				SDKROOT = iphoneos;
				TARGETED_DEVICE_FAMILY = "1,2";
			};
			name = Debug;
		};
		8A74D82B198F20CC0078F39F /* Release */ = {
			isa = XCBuildConfiguration;
			buildSettings = {
				ALWAYS_SEARCH_USER_PATHS = NO;
				CLANG_CXX_LANGUAGE_STANDARD = "gnu++0x";
				CLANG_CXX_LIBRARY = "libc++";
				CLANG_ENABLE_MODULES = YES;
				CLANG_ENABLE_OBJC_ARC = YES;
				CLANG_WARN_BOOL_CONVERSION = YES;
				CLANG_WARN_CONSTANT_CONVERSION = YES;
				CLANG_WARN_DIRECT_OBJC_ISA_USAGE = YES_ERROR;
				CLANG_WARN_EMPTY_BODY = YES;
				CLANG_WARN_ENUM_CONVERSION = YES;
				CLANG_WARN_INT_CONVERSION = YES;
				CLANG_WARN_OBJC_ROOT_CLASS = YES_ERROR;
				CLANG_WARN__DUPLICATE_METHOD_MATCH = YES;
				"CODE_SIGN_IDENTITY[sdk=iphoneos*]" = "iPhone Developer";
				COPY_PHASE_STRIP = YES;
				ENABLE_NS_ASSERTIONS = NO;
				GCC_C_LANGUAGE_STANDARD = gnu99;
				GCC_WARN_64_TO_32_BIT_CONVERSION = YES;
				GCC_WARN_ABOUT_RETURN_TYPE = YES_ERROR;
				GCC_WARN_UNDECLARED_SELECTOR = YES;
				GCC_WARN_UNINITIALIZED_AUTOS = YES_AGGRESSIVE;
				GCC_WARN_UNUSED_FUNCTION = YES;
				GCC_WARN_UNUSED_VARIABLE = YES;
				IPHONEOS_DEPLOYMENT_TARGET = 8.0;
				SDKROOT = iphoneos;
				TARGETED_DEVICE_FAMILY = "1,2";
				VALIDATE_PRODUCT = YES;
			};
			name = Release;
		};
		8A74D82D198F20CC0078F39F /* Debug */ = {
			isa = XCBuildConfiguration;
			baseConfigurationReference = 8799EEEA8D5859351A428ACC /* Pods.debug.xcconfig */;
			buildSettings = {
				ASSETCATALOG_COMPILER_APPICON_NAME = AppIcon;
				ASSETCATALOG_COMPILER_LAUNCHIMAGE_NAME = LaunchImage;
				CLANG_ENABLE_MODULES = YES;
				CODE_SIGN_IDENTITY = "iPhone Developer: Alexey Smirnov (238ET3G48T)";
				DEFINES_MODULE = NO;
				ENABLE_NS_ASSERTIONS = NO;
				GCC_PRECOMPILE_PREFIX_HEADER = YES;
				GCC_PREFIX_HEADER = "prayerbook/prayerbook-Prefix.pch";
				INFOPLIST_FILE = "prayerbook/prayerbook-Info.plist";
				IPHONEOS_DEPLOYMENT_TARGET = 7.0;
				LD_RUNPATH_SEARCH_PATHS = "$(inherited) @executable_path/Frameworks";
				PRODUCT_NAME = "$(TARGET_NAME)";
				PROVISIONING_PROFILE = "";
				"SWIFT_INCLUDE_PATHS[arch=*]" = "";
				SWIFT_INSTALL_OBJC_HEADER = YES;
				SWIFT_OBJC_BRIDGING_HEADER = "prayerbook/prayerbook-Bridging-Header.h";
				SWIFT_OPTIMIZATION_LEVEL = "-Onone";
				WRAPPER_EXTENSION = app;
			};
			name = Debug;
		};
		8A74D82E198F20CC0078F39F /* Release */ = {
			isa = XCBuildConfiguration;
			baseConfigurationReference = 5A62731A9EACCC95CE394485 /* Pods.release.xcconfig */;
			buildSettings = {
				ASSETCATALOG_COMPILER_APPICON_NAME = AppIcon;
				ASSETCATALOG_COMPILER_LAUNCHIMAGE_NAME = LaunchImage;
				CLANG_ENABLE_MODULES = YES;
				CODE_SIGN_IDENTITY = "iPhone Developer: Alexey Smirnov (238ET3G48T)";
				DEFINES_MODULE = NO;
				GCC_PRECOMPILE_PREFIX_HEADER = YES;
				GCC_PREFIX_HEADER = "prayerbook/prayerbook-Prefix.pch";
				INFOPLIST_FILE = "prayerbook/prayerbook-Info.plist";
				IPHONEOS_DEPLOYMENT_TARGET = 7.0;
				LD_RUNPATH_SEARCH_PATHS = "$(inherited) @executable_path/Frameworks";
				PRODUCT_NAME = "$(TARGET_NAME)";
				PROVISIONING_PROFILE = "";
				"SWIFT_INCLUDE_PATHS[arch=*]" = "";
				SWIFT_INSTALL_OBJC_HEADER = YES;
				SWIFT_OBJC_BRIDGING_HEADER = "prayerbook/prayerbook-Bridging-Header.h";
				WRAPPER_EXTENSION = app;
			};
			name = Release;
		};
/* End XCBuildConfiguration section */

/* Begin XCConfigurationList section */
		8A74D7F2198F20CC0078F39F /* Build configuration list for PBXProject "prayerbook" */ = {
			isa = XCConfigurationList;
			buildConfigurations = (
				8A74D82A198F20CC0078F39F /* Debug */,
				8A74D82B198F20CC0078F39F /* Release */,
			);
			defaultConfigurationIsVisible = 0;
			defaultConfigurationName = Release;
		};
		8A74D82C198F20CC0078F39F /* Build configuration list for PBXNativeTarget "prayerbook" */ = {
			isa = XCConfigurationList;
			buildConfigurations = (
				8A74D82D198F20CC0078F39F /* Debug */,
				8A74D82E198F20CC0078F39F /* Release */,
			);
			defaultConfigurationIsVisible = 0;
			defaultConfigurationName = Release;
		};
/* End XCConfigurationList section */
	};
	rootObject = 8A74D7EF198F20CC0078F39F /* Project object */;
}
